[[package]]
name = "attrs"
version = "21.4.0"
description = "Classes Without Boilerplate"
category = "main"
optional = false
python-versions = ">=2.7, !=3.0.*, !=3.1.*, !=3.2.*, !=3.3.*, !=3.4.*"

[package.extras]
dev = ["cloudpickle", "coverage[toml] (>=5.0.2)", "furo", "hypothesis", "mypy", "pre-commit", "pympler", "pytest (>=4.3.0)", "pytest-mypy-plugins", "six", "sphinx", "sphinx-notfound-page", "zope.interface"]
docs = ["furo", "sphinx", "sphinx-notfound-page", "zope.interface"]
tests = ["cloudpickle", "coverage[toml] (>=5.0.2)", "hypothesis", "mypy", "pympler", "pytest (>=4.3.0)", "pytest-mypy-plugins", "six", "zope.interface"]
tests_no_zope = ["cloudpickle", "coverage[toml] (>=5.0.2)", "hypothesis", "mypy", "pympler", "pytest (>=4.3.0)", "pytest-mypy-plugins", "six"]

[[package]]
name = "benchwork"
version = "0.0.1"
description = "A framework for benchmarking in python"
category = "main"
optional = false
python-versions = ">=3.7,<4.0"

[[package]]
name = "click"
version = "8.1.3"
description = "Composable command line interface toolkit"
category = "main"
optional = false
python-versions = ">=3.7"

[package.dependencies]
colorama = {version = "*", markers = "platform_system == \"Windows\""}

[[package]]
name = "colorama"
version = "0.4.5"
description = "Cross-platform colored terminal text."
category = "main"
optional = false
python-versions = ">=2.7, !=3.0.*, !=3.1.*, !=3.2.*, !=3.3.*, !=3.4.*"

[[package]]
name = "commonmark"
version = "0.9.1"
description = "Python parser for the CommonMark Markdown spec"
category = "main"
optional = false
python-versions = "*"

[package.extras]
test = ["flake8 (==3.7.8)", "hypothesis (==3.55.3)"]

[[package]]
name = "diot"
version = "0.1.6"
description = "Python dictionary with dot notation."
category = "main"
optional = false
python-versions = ">=3.7,<4.0"

[package.dependencies]
inflection = ">=0.5,<0.6"

[[package]]
name = "importlib-metadata"
version = "4.12.0"
description = "Read metadata from Python packages"
category = "main"
optional = false
python-versions = ">=3.7"

[package.dependencies]
zipp = ">=0.5"

[package.extras]
docs = ["jaraco.packaging (>=9)", "rst.linker (>=1.9)", "sphinx"]
perf = ["ipython"]
testing = ["flufl.flake8", "importlib-resources (>=1.3)", "packaging", "pyfakefs", "pytest (>=6)", "pytest-black (>=0.3.7)", "pytest-checkdocs (>=2.4)", "pytest-cov", "pytest-enabler (>=1.3)", "pytest-flake8", "pytest-mypy (>=0.9.1)", "pytest-perf (>=0.9.2)"]

[[package]]
name = "inflection"
version = "0.5.1"
description = "A port of Ruby on Rails inflector to Python"
category = "main"
optional = false
python-versions = ">=3.5"

[[package]]
name = "Pygments"
version = "2.13.0"
description = "Pygments is a syntax highlighting package written in Python."
category = "main"
optional = false
python-versions = ">=3.6"

[package.extras]
plugins = ["importlib-metadata"]

[[package]]
name = "pyparam"
version = "0.5.3"
description = "Powerful parameter processing."
category = "main"
optional = false
python-versions = ">=3.7,<4.0"

[package.dependencies]
diot = ">=0.1,<0.2"
python-simpleconf = ">=0.5,<0.6"
rich = ">=12,<13"

[[package]]
name = "python-dateutil"
version = "2.8.2"
description = "Extensions to the standard Python datetime module"
category = "main"
optional = false
python-versions = "!=3.0.*,!=3.1.*,!=3.2.*,>=2.7"

[package.dependencies]
six = ">=1.5"

[[package]]
name = "python-simpleconf"
version = "0.5.7"
description = "Simple configuration management with python."
category = "main"
optional = false
python-versions = ">=3.7,<4.0"

[package.dependencies]
diot = ">=0.1,<0.2"

[package.extras]
all = ["iniconfig (>=1.1,<2.0)", "python-dotenv (>=0.20,<0.21)", "pyyaml (>=6,<7)", "rtoml (>=0.8,<0.9)"]
env = ["python-dotenv (>=0.20,<0.21)"]
ini = ["iniconfig (>=1.1,<2.0)"]
toml = ["rtoml (>=0.8,<0.9)"]
yaml = ["pyyaml (>=6,<7)"]

[[package]]
name = "pytomlpp"
version = "1.0.11"
description = "A python wrapper for toml++"
category = "main"
optional = false
python-versions = "*"

[[package]]
name = "qtoml"
version = "0.3.1"
description = "New TOML encoder/decoder"
category = "main"
optional = false
python-versions = ">=3.6,<4.0"

[package.dependencies]
attrs = ">=19.3.0,<22.0"
click = ">=7.0,<9.0"

[[package]]
name = "regex"
version = "2022.9.13"
description = "Alternative regular expression module, to replace re."
category = "main"
optional = false
python-versions = ">=3.6"

[[package]]
name = "rich"
version = "12.5.1"
description = "Render rich text, tables, progress bars, syntax highlighting, markdown and more to the terminal"
category = "main"
optional = false
python-versions = ">=3.6.3,<4.0.0"

[package.dependencies]
commonmark = ">=0.9.0,<0.10.0"
pygments = ">=2.6.0,<3.0.0"

[package.extras]
jupyter = ["ipywidgets (>=7.5.1,<8.0.0)"]

[[package]]
name = "rtoml"
version = "0.8.0"
description = "A better TOML library for python implemented in rust."
category = "main"
optional = false
python-versions = ">=3.7"

[[package]]
name = "six"
version = "1.16.0"
description = "Python 2 and 3 compatibility utilities"
category = "main"
optional = false
python-versions = ">=2.7, !=3.0.*, !=3.1.*, !=3.2.*"

[[package]]
name = "toml"
version = "0.10.2"
description = "Python Library for Tom's Obvious, Minimal Language"
category = "main"
optional = false
python-versions = ">=2.6, !=3.0.*, !=3.1.*, !=3.2.*"

[[package]]
name = "tomli"
version = "2.0.1"
description = "A lil' TOML parser"
category = "main"
optional = false
python-versions = ">=3.7"

[[package]]
name = "tomli-w"
version = "1.0.0"
description = "A lil' TOML writer"
category = "main"
optional = false
python-versions = ">=3.7"

[[package]]
name = "tomlkit"
version = "0.11.4"
description = "Style preserving TOML library"
category = "main"
optional = false
python-versions = ">=3.6,<4.0"

[[package]]
name = "zipp"
version = "3.8.1"
description = "Backport of pathlib-compatible object wrapper for zip files"
category = "main"
optional = false
python-versions = ">=3.7"

[package.extras]
docs = ["jaraco.packaging (>=9)", "jaraco.tidelift (>=1.4)", "rst.linker (>=1.9)", "sphinx"]
testing = ["func-timeout", "jaraco.itertools", "pytest (>=6)", "pytest-black (>=0.3.7)", "pytest-checkdocs (>=2.4)", "pytest-cov", "pytest-enabler (>=1.3)", "pytest-flake8", "pytest-mypy (>=0.9.1)"]

[metadata]
lock-version = "1.1"
python-versions = "^3.9"
content-hash = "0510a41d07446e68569696b63b9c9ea616565c99c84aa95284f3185e62fe43ff"

[metadata.files]
attrs = [
    {file = "attrs-21.4.0-py2.py3-none-any.whl", hash = "sha256:2d27e3784d7a565d36ab851fe94887c5eccd6a463168875832a1be79c82828b4"},
    {file = "attrs-21.4.0.tar.gz", hash = "sha256:626ba8234211db98e869df76230a137c4c40a12d72445c45d5f5b716f076e2fd"},
]
benchwork = [
    {file = "benchwork-0.0.1-py3-none-any.whl", hash = "sha256:5ce412f6a53f51d739519a9e687901e07082b861a01010418498d1c52dedca36"},
    {file = "benchwork-0.0.1.tar.gz", hash = "sha256:f1cd94e37f32a712f32f880d4ae9da738e890fb207919dd286009b3f4ce05040"},
]
click = [
    {file = "click-8.1.3-py3-none-any.whl", hash = "sha256:bb4d8133cb15a609f44e8213d9b391b0809795062913b383c62be0ee95b1db48"},
    {file = "click-8.1.3.tar.gz", hash = "sha256:7682dc8afb30297001674575ea00d1814d808d6a36af415a82bd481d37ba7b8e"},
]
colorama = [
    {file = "colorama-0.4.5-py2.py3-none-any.whl", hash = "sha256:854bf444933e37f5824ae7bfc1e98d5bce2ebe4160d46b5edf346a89358e99da"},
    {file = "colorama-0.4.5.tar.gz", hash = "sha256:e6c6b4334fc50988a639d9b98aa429a0b57da6e17b9a44f0451f930b6967b7a4"},
]
commonmark = [
    {file = "commonmark-0.9.1-py2.py3-none-any.whl", hash = "sha256:da2f38c92590f83de410ba1a3cbceafbc74fee9def35f9251ba9a971d6d66fd9"},
    {file = "commonmark-0.9.1.tar.gz", hash = "sha256:452f9dc859be7f06631ddcb328b6919c67984aca654e5fefb3914d54691aed60"},
]
diot = [
    {file = "diot-0.1.6-py3-none-any.whl", hash = "sha256:1e7f97bbc92cbbdd51d8c535885f5e2a71762b364c1b2410dfc84f3a4572d551"},
    {file = "diot-0.1.6.tar.gz", hash = "sha256:1dcfc37dff406c96020d14350c05f920cb7446c3e5abf3477cf2ae0587f72066"},
]
importlib-metadata = [
    {file = "importlib_metadata-4.12.0-py3-none-any.whl", hash = "sha256:7401a975809ea1fdc658c3aa4f78cc2195a0e019c5cbc4c06122884e9ae80c23"},
    {file = "importlib_metadata-4.12.0.tar.gz", hash = "sha256:637245b8bab2b6502fcbc752cc4b7a6f6243bb02b31c5c26156ad103d3d45670"},
]
inflection = [
    {file = "inflection-0.5.1-py2.py3-none-any.whl", hash = "sha256:f38b2b640938a4f35ade69ac3d053042959b62a0f1076a5bbaa1b9526605a8a2"},
    {file = "inflection-0.5.1.tar.gz", hash = "sha256:1a29730d366e996aaacffb2f1f1cb9593dc38e2ddd30c91250c6dde09ea9b417"},
]
Pygments = [
    {file = "Pygments-2.13.0-py3-none-any.whl", hash = "sha256:f643f331ab57ba3c9d89212ee4a2dabc6e94f117cf4eefde99a0574720d14c42"},
    {file = "Pygments-2.13.0.tar.gz", hash = "sha256:56a8508ae95f98e2b9bdf93a6be5ae3f7d8af858b43e02c5a2ff083726be40c1"},
]
pyparam = [
    {file = "pyparam-0.5.3-py3-none-any.whl", hash = "sha256:dfc289b56c7be9f16c6f3697ec6863ef1e577dae90bc388be878d3ba082c349d"},
    {file = "pyparam-0.5.3.tar.gz", hash = "sha256:574b5bce18ff1513e47043d6a21a3a192cf1435eda232999411c743fffb97387"},
]
python-dateutil = [
    {file = "python-dateutil-2.8.2.tar.gz", hash = "sha256:0123cacc1627ae19ddf3c27a5de5bd67ee4586fbdd6440d9748f8abb483d3e86"},
    {file = "python_dateutil-2.8.2-py2.py3-none-any.whl", hash = "sha256:961d03dc3453ebbc59dbdea9e4e11c5651520a876d0f4db161e8674aae935da9"},
]
python-simpleconf = [
    {file = "python-simpleconf-0.5.7.tar.gz", hash = "sha256:e8c41be99cc835d59efe6a0d1617cffcfa6c7661142c5299d7ae39ecc06b3f14"},
    {file = "python_simpleconf-0.5.7-py3-none-any.whl", hash = "sha256:e44f2ef56ee931607f2e6a836e5a3b77457abea8dc0e536e8ba8403751f07b2c"},
]
pytomlpp = [
    {file = "pytomlpp-1.0.11-cp310-cp310-macosx_10_9_universal2.whl", hash = "sha256:450e0298fc879064ed5d0f4a4dd3b4419894ea609c49b711c0adcafdb1c55074"},
    {file = "pytomlpp-1.0.11-cp310-cp310-macosx_10_9_x86_64.whl", hash = "sha256:19664c06fb132daa5ba94107f6c205a4f3122495155788e16503d1ea4e49d79d"},
    {file = "pytomlpp-1.0.11-cp310-cp310-macosx_11_0_arm64.whl", hash = "sha256:c4ec6951158a0b51e8a7de79e0a5c29a2a73f7381bb35ce638b833e628a26e77"},
    {file = "pytomlpp-1.0.11-cp310-cp310-manylinux_2_12_i686.manylinux2010_i686.whl", hash = "sha256:9505450bf56bef8f751ebe22097e0edc0ccdb68aa8841bd5369dc347bbca5d0e"},
    {file = "pytomlpp-1.0.11-cp310-cp310-manylinux_2_12_x86_64.manylinux2010_x86_64.whl", hash = "sha256:e0f176edb38a22d078bddcc7cd3c34e38edfe1af9db82d2a08d9af474674423a"},
    {file = "pytomlpp-1.0.11-cp310-cp310-musllinux_1_1_i686.whl", hash = "sha256:86810e8f9df7b55e8e65325d809a738e1ad7f49637e275cb55d8ab42651eabf6"},
    {file = "pytomlpp-1.0.11-cp310-cp310-musllinux_1_1_x86_64.whl", hash = "sha256:e85e392fcd4b6c6682af937717305646e3d318b1c204beaa7f37297c71aa801c"},
    {file = "pytomlpp-1.0.11-cp310-cp310-win_amd64.whl", hash = "sha256:58c3dd9fe03a76cce4d8afb5fc21341773807e8cf81b201f013189c902474938"},
    {file = "pytomlpp-1.0.11-cp36-cp36m-macosx_10_9_x86_64.whl", hash = "sha256:a85ebedf272e7084dd16c14ea59243328e88a66fff43532987307a8771d240cd"},
    {file = "pytomlpp-1.0.11-cp36-cp36m-manylinux_2_12_i686.manylinux2010_i686.whl", hash = "sha256:01e6a27a8d77f39ce3eab2717107539b5cdd4b8caf524e58396b7066f38981b1"},
    {file = "pytomlpp-1.0.11-cp36-cp36m-manylinux_2_12_x86_64.manylinux2010_x86_64.whl", hash = "sha256:363b1b2469f6782dfb684f5f0c5b97e969b4822fe5c6d5619bc9d0c3ee3418dc"},
    {file = "pytomlpp-1.0.11-cp36-cp36m-musllinux_1_1_i686.whl", hash = "sha256:ac1d9b8fec0ee3efa4a6cfa21107e301f7a567cb2310d7c31c6fe3529f11e4e0"},
    {file = "pytomlpp-1.0.11-cp36-cp36m-musllinux_1_1_x86_64.whl", hash = "sha256:b73028948fa8ff81c4279592ae980370acd0b9d5cdbb871cefc644c58b2d0dd1"},
    {file = "pytomlpp-1.0.11-cp36-cp36m-win_amd64.whl", hash = "sha256:9ee0860c9fa1c1c382fec5624c99835c8cb6bbde174d1b94c9542f531fc7678d"},
    {file = "pytomlpp-1.0.11-cp37-cp37m-macosx_10_9_x86_64.whl", hash = "sha256:b29690c81c6ca42058031936add3e1b5c133beefbaf9efd0897ab50c6a15ad18"},
    {file = "pytomlpp-1.0.11-cp37-cp37m-manylinux_2_12_i686.manylinux2010_i686.whl", hash = "sha256:c807e00f495d8b6c3bcd253a5490f8b7888bb9d8d98057b70d7dee625cd608f7"},
    {file = "pytomlpp-1.0.11-cp37-cp37m-manylinux_2_12_x86_64.manylinux2010_x86_64.whl", hash = "sha256:4d9a43a375b816f6eaedd4e8d9921d8a4618c89970014dd993e17a3d61360a2d"},
    {file = "pytomlpp-1.0.11-cp37-cp37m-musllinux_1_1_i686.whl", hash = "sha256:1d1c9566102da161a541329b9000574b2f3e4ccda7807c0799e1466c29ddab97"},
    {file = "pytomlpp-1.0.11-cp37-cp37m-musllinux_1_1_x86_64.whl", hash = "sha256:adcd00554beca01a056234a3f3fb5415b2391fa1c4b6b710ccb8765a6ad79017"},
    {file = "pytomlpp-1.0.11-cp37-cp37m-win_amd64.whl", hash = "sha256:f0ea1aeba4bc1be0de2f25eb3fe6ea77315c5449f54a43c6af6ab36ac37a529d"},
    {file = "pytomlpp-1.0.11-cp38-cp38-macosx_10_9_universal2.whl", hash = "sha256:2f479327b4cd91d8ad9e0b8bcbc793d5b0dff38d4bea310bb4e33205ad60dfca"},
    {file = "pytomlpp-1.0.11-cp38-cp38-macosx_10_9_x86_64.whl", hash = "sha256:99b0efff21de3568e5df9e13781338143fbc672b246025d20359a5ffd6d8eb94"},
    {file = "pytomlpp-1.0.11-cp38-cp38-macosx_11_0_arm64.whl", hash = "sha256:8edf552d041dfc9fc21af458176e3d790d2e279128c0ac1b26d6237f78a605c1"},
    {file = "pytomlpp-1.0.11-cp38-cp38-manylinux_2_12_i686.manylinux2010_i686.whl", hash = "sha256:0f9ca56a7d2932cf06bf6468fb398e8d9b67a2eb5bdf3de199f0d3ab5993c053"},
    {file = "pytomlpp-1.0.11-cp38-cp38-manylinux_2_12_x86_64.manylinux2010_x86_64.whl", hash = "sha256:0ab3ec403080a902d56bc2ad29b8895f45c8c8ce132e773e14d5267e7ed1cd79"},
    {file = "pytomlpp-1.0.11-cp38-cp38-musllinux_1_1_i686.whl", hash = "sha256:a73d045c85b35ebc289830a475a1aa80572dbd656b1110d9a8d197d63cfd70f3"},
    {file = "pytomlpp-1.0.11-cp38-cp38-musllinux_1_1_x86_64.whl", hash = "sha256:7a7ba1069f98d3c9d2d867ebf8d0e5dcd381927e22854a0db2f5d410bc46819d"},
    {file = "pytomlpp-1.0.11-cp38-cp38-win_amd64.whl", hash = "sha256:27dd7d5299e064619ecfd1d5da6a97a3626bc9c0eb7a8c5fb0f405f2d37178a5"},
    {file = "pytomlpp-1.0.11-cp39-cp39-macosx_10_9_universal2.whl", hash = "sha256:6040e3d70957695ff5864477b8554a23b7306a854262276a996a88d09264e669"},
    {file = "pytomlpp-1.0.11-cp39-cp39-macosx_10_9_x86_64.whl", hash = "sha256:2fc2c806d41176fb456cde35d09f93539b8e12f2a25db82d0a7c9832b5d86c10"},
    {file = "pytomlpp-1.0.11-cp39-cp39-macosx_11_0_arm64.whl", hash = "sha256:6a41243cf07b2f489e3ffdd191a6bc4b30715463a7fd6cb09e5400976e2f6259"},
    {file = "pytomlpp-1.0.11-cp39-cp39-manylinux_2_12_i686.manylinux2010_i686.whl", hash = "sha256:160a29bf397a6f5dbd8ab0b985b3bcd8c6ec8ba29d4137cd2751cdcb6401409e"},
    {file = "pytomlpp-1.0.11-cp39-cp39-manylinux_2_12_x86_64.manylinux2010_x86_64.whl", hash = "sha256:02d7c0291bbec46576d9b86f61881021b2279224baa770b9a57b17888bba64e3"},
    {file = "pytomlpp-1.0.11-cp39-cp39-musllinux_1_1_i686.whl", hash = "sha256:a1db522368079a7a8e5525e249484f7fe087797f201b8b588573dbd05a0092df"},
    {file = "pytomlpp-1.0.11-cp39-cp39-musllinux_1_1_x86_64.whl", hash = "sha256:cd83a7f18df52175a0155052ea83d8cacdea972bce7c24fd950d41b3f62ee9fc"},
    {file = "pytomlpp-1.0.11-cp39-cp39-win_amd64.whl", hash = "sha256:592567be7c2261580673e977b17dafc262e977c7d24a6019438f1e2c0e4d7b70"},
    {file = "pytomlpp-1.0.11-pp37-pypy37_pp73-macosx_10_9_x86_64.whl", hash = "sha256:9420596fb5ba9fad4bdf3899767448be2bf9144263a4506b2d7956d1099bf85d"},
    {file = "pytomlpp-1.0.11-pp37-pypy37_pp73-manylinux_2_12_i686.manylinux2010_i686.whl", hash = "sha256:04cabd19fc746b8a04b278f1a1429de68eb3aa6a7cae0330d5c919e455eba7fd"},
    {file = "pytomlpp-1.0.11-pp37-pypy37_pp73-manylinux_2_12_x86_64.manylinux2010_x86_64.whl", hash = "sha256:acb66fe6c27c210f3519dda2e70928419388f1af8853102c579fa3079d9ff97c"},
    {file = "pytomlpp-1.0.11-pp37-pypy37_pp73-win_amd64.whl", hash = "sha256:1e583427ff49928e628d43940af31919f0d9e87138aaf1b506978d9d999d4551"},
    {file = "pytomlpp-1.0.11.tar.gz", hash = "sha256:90021866ee72c16475692ec8b0ecc69ec530d2b8ce27a63a4cc39c1907f4b37a"},
]
qtoml = [
    {file = "qtoml-0.3.1-py3-none-any.whl", hash = "sha256:de4ec4f759a77931cda324a06e2c2fbbb2209372c42f4741c2ab6748f15640b4"},
    {file = "qtoml-0.3.1.tar.gz", hash = "sha256:7f2d0c2c39659d2a408ae93d02a068e0d22eb67e16e474239f7735ff1094b1ba"},
]
regex = [
    {file = "regex-2022.9.13-cp310-cp310-macosx_10_9_x86_64.whl", hash = "sha256:0394265391a86e2bbaa7606e59ac71bd9f1edf8665a59e42771a9c9adbf6fd4f"},
    {file = "regex-2022.9.13-cp310-cp310-macosx_11_0_arm64.whl", hash = "sha256:86df2049b18745f3cd4b0f4c4ef672bfac4b80ca488e6ecfd2bbfe68d2423a2c"},
    {file = "regex-2022.9.13-cp310-cp310-manylinux_2_17_aarch64.manylinux2014_aarch64.whl", hash = "sha256:ce331b076b2b013e7d7f07157f957974ef0b0881a808e8a4a4b3b5105aee5d04"},
    {file = "regex-2022.9.13-cp310-cp310-manylinux_2_17_ppc64le.manylinux2014_ppc64le.whl", hash = "sha256:360ffbc9357794ae41336b681dff1c0463193199dfb91fcad3ec385ea4972f46"},
    {file = "regex-2022.9.13-cp310-cp310-manylinux_2_17_s390x.manylinux2014_s390x.whl", hash = "sha256:18e503b1e515a10282b3f14f1b3d856194ecece4250e850fad230842ed31227f"},
    {file = "regex-2022.9.13-cp310-cp310-manylinux_2_17_x86_64.manylinux2014_x86_64.whl", hash = "sha256:f6e167d1ccd41d27b7b6655bb7a2dcb1b1eb1e0d2d662043470bd3b4315d8b2b"},
    {file = "regex-2022.9.13-cp310-cp310-manylinux_2_5_i686.manylinux1_i686.manylinux_2_17_i686.manylinux2014_i686.whl", hash = "sha256:4146cb7ae6029fc83b5c905ec6d806b7e5568dc14297c423e66b86294bad6c39"},
    {file = "regex-2022.9.13-cp310-cp310-manylinux_2_5_x86_64.manylinux1_x86_64.manylinux_2_12_x86_64.manylinux2010_x86_64.whl", hash = "sha256:a1aec4ae549fd7b3f52ceaf67e133010e2fba1538bf4d5fc5cd162a5e058d5df"},
    {file = "regex-2022.9.13-cp310-cp310-musllinux_1_1_aarch64.whl", hash = "sha256:cab548d6d972e1de584161487b2ac1aa82edd8430d1bde69587ba61698ad1cfb"},
    {file = "regex-2022.9.13-cp310-cp310-musllinux_1_1_i686.whl", hash = "sha256:3d64e1a7e6d98a4cdc8b29cb8d8ed38f73f49e55fbaa737bdb5933db99b9de22"},
    {file = "regex-2022.9.13-cp310-cp310-musllinux_1_1_ppc64le.whl", hash = "sha256:67a4c625361db04ae40ef7c49d3cbe2c1f5ff10b5a4491327ab20f19f2fb5d40"},
    {file = "regex-2022.9.13-cp310-cp310-musllinux_1_1_s390x.whl", hash = "sha256:5d0dd8b06896423211ce18fba0c75dacc49182a1d6514c004b535be7163dca0f"},
    {file = "regex-2022.9.13-cp310-cp310-musllinux_1_1_x86_64.whl", hash = "sha256:4318f69b79f9f7d84a7420e97d4bfe872dc767c72f891d4fea5fa721c74685f7"},
    {file = "regex-2022.9.13-cp310-cp310-win32.whl", hash = "sha256:26df88c9636a0c3f3bd9189dd435850a0c49d0b7d6e932500db3f99a6dd604d1"},
    {file = "regex-2022.9.13-cp310-cp310-win_amd64.whl", hash = "sha256:6fe1dd1021e0f8f3f454ce2811f1b0b148f2d25bb38c712fec00316551e93650"},
    {file = "regex-2022.9.13-cp311-cp311-macosx_10_9_x86_64.whl", hash = "sha256:83cc32a1a2fa5bac00f4abc0e6ce142e3c05d3a6d57e23bd0f187c59b4e1e43b"},
    {file = "regex-2022.9.13-cp311-cp311-macosx_11_0_arm64.whl", hash = "sha256:a2effeaf50a6838f3dd4d3c5d265f06eabc748f476e8441892645ae3a697e273"},
    {file = "regex-2022.9.13-cp311-cp311-manylinux_2_17_aarch64.manylinux2014_aarch64.whl", hash = "sha256:59a786a55d00439d8fae4caaf71581f2aaef7297d04ee60345c3594efef5648a"},
    {file = "regex-2022.9.13-cp311-cp311-manylinux_2_17_ppc64le.manylinux2014_ppc64le.whl", hash = "sha256:b7b701dbc124558fd2b1b08005eeca6c9160e209108fbcbd00091fcfac641ac7"},
    {file = "regex-2022.9.13-cp311-cp311-manylinux_2_17_s390x.manylinux2014_s390x.whl", hash = "sha256:dab81cc4d58026861445230cfba27f9825e9223557926e7ec22156a1a140d55c"},
    {file = "regex-2022.9.13-cp311-cp311-manylinux_2_17_x86_64.manylinux2014_x86_64.whl", hash = "sha256:7b0c5cc3d1744a67c3b433dce91e5ef7c527d612354c1f1e8576d9e86bc5c5e2"},
    {file = "regex-2022.9.13-cp311-cp311-manylinux_2_5_i686.manylinux1_i686.manylinux_2_17_i686.manylinux2014_i686.whl", hash = "sha256:518272f25da93e02af4f1e94985f5042cec21557ef3591027d0716f2adda5d0a"},
    {file = "regex-2022.9.13-cp311-cp311-musllinux_1_1_aarch64.whl", hash = "sha256:8418ee2cb857b83881b8f981e4c636bc50a0587b12d98cb9b947408a3c484fe7"},
    {file = "regex-2022.9.13-cp311-cp311-musllinux_1_1_i686.whl", hash = "sha256:cfa4c956ff0a977c4823cb3b930b0a4e82543b060733628fec7ab3eb9b1abe37"},
    {file = "regex-2022.9.13-cp311-cp311-musllinux_1_1_ppc64le.whl", hash = "sha256:a1c4d17879dd4c4432c08a1ca1ab379f12ab54af569e945b6fc1c4cf6a74ca45"},
    {file = "regex-2022.9.13-cp311-cp311-musllinux_1_1_s390x.whl", hash = "sha256:77c2879d3ba51e5ca6c2b47f2dcf3d04a976a623a8fc8236010a16c9e0b0a3c7"},
    {file = "regex-2022.9.13-cp311-cp311-musllinux_1_1_x86_64.whl", hash = "sha256:d2885ec6eea629c648ecc9bde0837ec6b92208b7f36381689937fe5d64a517e8"},
    {file = "regex-2022.9.13-cp311-cp311-win32.whl", hash = "sha256:2dda4b096a6f630d6531728a45bd12c67ec3badf44342046dc77d4897277d4f2"},
    {file = "regex-2022.9.13-cp311-cp311-win_amd64.whl", hash = "sha256:592b9e2e1862168e71d9e612bfdc22c451261967dbd46681f14e76dfba7105fd"},
    {file = "regex-2022.9.13-cp36-cp36m-macosx_10_9_x86_64.whl", hash = "sha256:df8fe00b60e4717662c7f80c810ba66dcc77309183c76b7754c0dff6f1d42054"},
    {file = "regex-2022.9.13-cp36-cp36m-manylinux_2_17_aarch64.manylinux2014_aarch64.whl", hash = "sha256:995e70bb8c91d1b99ed2aaf8ec44863e06ad1dfbb45d7df95f76ef583ec323a9"},
    {file = "regex-2022.9.13-cp36-cp36m-manylinux_2_17_ppc64le.manylinux2014_ppc64le.whl", hash = "sha256:ad75173349ad79f9d21e0d0896b27dcb37bfd233b09047bc0b4d226699cf5c87"},
    {file = "regex-2022.9.13-cp36-cp36m-manylinux_2_17_s390x.manylinux2014_s390x.whl", hash = "sha256:7681c49da1a2d4b905b4f53d86c9ba4506e79fba50c4a664d9516056e0f7dfcc"},
    {file = "regex-2022.9.13-cp36-cp36m-manylinux_2_17_x86_64.manylinux2014_x86_64.whl", hash = "sha256:9bc8edc5f8ef0ebb46f3fa0d02bd825bbe9cc63d59e428ffb6981ff9672f6de1"},
    {file = "regex-2022.9.13-cp36-cp36m-manylinux_2_5_i686.manylinux1_i686.manylinux_2_17_i686.manylinux2014_i686.whl", hash = "sha256:b7bee775ff05c9d519195bd9e8aaaccfe3971db60f89f89751ee0f234e8aeac5"},
    {file = "regex-2022.9.13-cp36-cp36m-manylinux_2_5_x86_64.manylinux1_x86_64.manylinux_2_12_x86_64.manylinux2010_x86_64.whl", hash = "sha256:1a901ce5cd42658ab8f8eade51b71a6d26ad4b68c7cfc86b87efc577dfa95602"},
    {file = "regex-2022.9.13-cp36-cp36m-musllinux_1_1_aarch64.whl", hash = "sha256:14a7ab070fa3aec288076eed6ed828587b805ef83d37c9bfccc1a4a7cfbd8111"},
    {file = "regex-2022.9.13-cp36-cp36m-musllinux_1_1_i686.whl", hash = "sha256:d23ac6b4bf9e32fcde5fcdb2e1fd5e7370d6693fcac51ee1d340f0e886f50d1f"},
    {file = "regex-2022.9.13-cp36-cp36m-musllinux_1_1_ppc64le.whl", hash = "sha256:4cdbfa6d2befeaee0c899f19222e9b20fc5abbafe5e9c43a46ef819aeb7b75e5"},
    {file = "regex-2022.9.13-cp36-cp36m-musllinux_1_1_s390x.whl", hash = "sha256:ab07934725e6f25c6f87465976cc69aef1141e86987af49d8c839c3ffd367c72"},
    {file = "regex-2022.9.13-cp36-cp36m-musllinux_1_1_x86_64.whl", hash = "sha256:d2a1371dc73e921f3c2e087c05359050f3525a9a34b476ebc8130e71bec55e97"},
    {file = "regex-2022.9.13-cp36-cp36m-win32.whl", hash = "sha256:fcbd1edff1473d90dc5cf4b52d355cf1f47b74eb7c85ba6e45f45d0116b8edbd"},
    {file = "regex-2022.9.13-cp36-cp36m-win_amd64.whl", hash = "sha256:fe428822b7a8c486bcd90b334e9ab541ce6cc0d6106993d59f201853e5e14121"},
    {file = "regex-2022.9.13-cp37-cp37m-macosx_10_9_x86_64.whl", hash = "sha256:d7430f041755801b712ec804aaf3b094b9b5facbaa93a6339812a8e00d7bd53a"},
    {file = "regex-2022.9.13-cp37-cp37m-manylinux_2_17_aarch64.manylinux2014_aarch64.whl", hash = "sha256:079c182f99c89524069b9cd96f5410d6af437e9dca576a7d59599a574972707e"},
    {file = "regex-2022.9.13-cp37-cp37m-manylinux_2_17_ppc64le.manylinux2014_ppc64le.whl", hash = "sha256:59bac44b5a07b08a261537f652c26993af9b1bbe2a29624473968dd42fc29d56"},
    {file = "regex-2022.9.13-cp37-cp37m-manylinux_2_17_s390x.manylinux2014_s390x.whl", hash = "sha256:a59d0377e58d96a6f11636e97992f5b51b7e1e89eb66332d1c01b35adbabfe8a"},
    {file = "regex-2022.9.13-cp37-cp37m-manylinux_2_17_x86_64.manylinux2014_x86_64.whl", hash = "sha256:b9d68eb704b24bc4d441b24e4a12653acd07d2c39940548761e0985a08bc1fff"},
    {file = "regex-2022.9.13-cp37-cp37m-manylinux_2_5_i686.manylinux1_i686.manylinux_2_17_i686.manylinux2014_i686.whl", hash = "sha256:0385d66e73cdd4462f3cc42c76a6576ddcc12472c30e02a2ae82061bff132c32"},
    {file = "regex-2022.9.13-cp37-cp37m-manylinux_2_5_x86_64.manylinux1_x86_64.manylinux_2_12_x86_64.manylinux2010_x86_64.whl", hash = "sha256:db45016364eec9ddbb5af93c8740c5c92eb7f5fc8848d1ae04205a40a1a2efc6"},
    {file = "regex-2022.9.13-cp37-cp37m-musllinux_1_1_aarch64.whl", hash = "sha256:03ff695518482b946a6d3d4ce9cbbd99a21320e20d94913080aa3841f880abcd"},
    {file = "regex-2022.9.13-cp37-cp37m-musllinux_1_1_i686.whl", hash = "sha256:6b32b45433df1fad7fed738fe15200b6516da888e0bd1fdd6aa5e50cc16b76bc"},
    {file = "regex-2022.9.13-cp37-cp37m-musllinux_1_1_ppc64le.whl", hash = "sha256:003a2e1449d425afc817b5f0b3d4c4aa9072dd5f3dfbf6c7631b8dc7b13233de"},
    {file = "regex-2022.9.13-cp37-cp37m-musllinux_1_1_s390x.whl", hash = "sha256:a9eb9558e1d0f78e07082d8a70d5c4d631c8dd75575fae92105df9e19c736730"},
    {file = "regex-2022.9.13-cp37-cp37m-musllinux_1_1_x86_64.whl", hash = "sha256:f6e0321921d2fdc082ef90c1fd0870f129c2e691bfdc4937dcb5cd308aba95c4"},
    {file = "regex-2022.9.13-cp37-cp37m-win32.whl", hash = "sha256:3f3b4594d564ed0b2f54463a9f328cf6a5b2a32610a90cdff778d6e3e561d08b"},
    {file = "regex-2022.9.13-cp37-cp37m-win_amd64.whl", hash = "sha256:8aba0d01e3dfd335f2cb107079b07fdddb4cd7fb2d8c8a1986f9cb8ce9246c24"},
    {file = "regex-2022.9.13-cp38-cp38-macosx_10_9_x86_64.whl", hash = "sha256:944567bb08f52268d8600ee5bdf1798b2b62ea002cc692a39cec113244cbdd0d"},
    {file = "regex-2022.9.13-cp38-cp38-macosx_11_0_arm64.whl", hash = "sha256:0b664a4d33ffc6be10996606dfc25fd3248c24cc589c0b139feb4c158053565e"},
    {file = "regex-2022.9.13-cp38-cp38-manylinux_2_17_aarch64.manylinux2014_aarch64.whl", hash = "sha256:f06cc1190f3db3192ab8949e28f2c627e1809487e2cfc435b6524c1ce6a2f391"},
    {file = "regex-2022.9.13-cp38-cp38-manylinux_2_17_ppc64le.manylinux2014_ppc64le.whl", hash = "sha256:6c57d50d4d5eb0c862569ca3c840eba2a73412f31d9ecc46ef0d6b2e621a592b"},
    {file = "regex-2022.9.13-cp38-cp38-manylinux_2_17_s390x.manylinux2014_s390x.whl", hash = "sha256:19a4da6f513045f5ba00e491215bd00122e5bd131847586522463e5a6b2bd65f"},
    {file = "regex-2022.9.13-cp38-cp38-manylinux_2_17_x86_64.manylinux2014_x86_64.whl", hash = "sha256:a926339356fe29595f8e37af71db37cd87ff764e15da8ad5129bbaff35bcc5a6"},
    {file = "regex-2022.9.13-cp38-cp38-manylinux_2_5_i686.manylinux1_i686.manylinux_2_17_i686.manylinux2014_i686.whl", hash = "sha256:091efcfdd4178a7e19a23776dc2b1fafb4f57f4d94daf340f98335817056f874"},
    {file = "regex-2022.9.13-cp38-cp38-manylinux_2_5_x86_64.manylinux1_x86_64.manylinux_2_12_x86_64.manylinux2010_x86_64.whl", hash = "sha256:880dbeb6bdde7d926b4d8e41410b16ffcd4cb3b4c6d926280fea46e2615c7a01"},
    {file = "regex-2022.9.13-cp38-cp38-musllinux_1_1_aarch64.whl", hash = "sha256:73b985c9fc09a7896846e26d7b6f4d1fd5a20437055f4ef985d44729f9f928d0"},
    {file = "regex-2022.9.13-cp38-cp38-musllinux_1_1_i686.whl", hash = "sha256:c0b7cb9598795b01f9a3dd3f770ab540889259def28a3bf9b2fa24d52edecba3"},
    {file = "regex-2022.9.13-cp38-cp38-musllinux_1_1_ppc64le.whl", hash = "sha256:37e5a26e76c46f54b3baf56a6fdd56df9db89758694516413757b7d127d4c57b"},
    {file = "regex-2022.9.13-cp38-cp38-musllinux_1_1_s390x.whl", hash = "sha256:99945ddb4f379bb9831c05e9f80f02f079ba361a0fb1fba1fc3b267639b6bb2e"},
    {file = "regex-2022.9.13-cp38-cp38-musllinux_1_1_x86_64.whl", hash = "sha256:8dcbcc9e72a791f622a32d17ff5011326a18996647509cac0609a7fc43adc229"},
    {file = "regex-2022.9.13-cp38-cp38-win32.whl", hash = "sha256:d3102ab9bf16bf541ca228012d45d88d2a567c9682a805ae2c145a79d3141fdd"},
    {file = "regex-2022.9.13-cp38-cp38-win_amd64.whl", hash = "sha256:14216ea15efc13f28d0ef1c463d86d93ca7158a79cd4aec0f9273f6d4c6bb047"},
    {file = "regex-2022.9.13-cp39-cp39-macosx_10_9_x86_64.whl", hash = "sha256:9a165a05979e212b2c2d56a9f40b69c811c98a788964e669eb322de0a3e420b4"},
    {file = "regex-2022.9.13-cp39-cp39-macosx_11_0_arm64.whl", hash = "sha256:14c71437ffb89479c89cc7022a5ea2075a842b728f37205e47c824cc17b30a42"},
    {file = "regex-2022.9.13-cp39-cp39-manylinux_2_17_aarch64.manylinux2014_aarch64.whl", hash = "sha256:ee7045623a5ace70f3765e452528b4c1f2ce669ed31959c63f54de64fe2f6ff7"},
    {file = "regex-2022.9.13-cp39-cp39-manylinux_2_17_ppc64le.manylinux2014_ppc64le.whl", hash = "sha256:6e521d9db006c5e4a0f8acfef738399f72b704913d4e083516774eb51645ad7c"},
    {file = "regex-2022.9.13-cp39-cp39-manylinux_2_17_s390x.manylinux2014_s390x.whl", hash = "sha256:b86548b8234b2be3985dbc0b385e35f5038f0f3e6251464b827b83ebf4ed90e5"},
    {file = "regex-2022.9.13-cp39-cp39-manylinux_2_17_x86_64.manylinux2014_x86_64.whl", hash = "sha256:a2b39ee3b280e15824298b97cec3f7cbbe6539d8282cc8a6047a455b9a72c598"},
    {file = "regex-2022.9.13-cp39-cp39-manylinux_2_5_i686.manylinux1_i686.manylinux_2_17_i686.manylinux2014_i686.whl", hash = "sha256:e6e6e61e9a38b6cc60ca3e19caabc90261f070f23352e66307b3d21a24a34aaf"},
    {file = "regex-2022.9.13-cp39-cp39-manylinux_2_5_x86_64.manylinux1_x86_64.manylinux_2_12_x86_64.manylinux2010_x86_64.whl", hash = "sha256:d837ccf3bd2474feabee96cd71144e991472e400ed26582edc8ca88ce259899c"},
    {file = "regex-2022.9.13-cp39-cp39-musllinux_1_1_aarch64.whl", hash = "sha256:6adfe300848d61a470ec7547adc97b0ccf86de86a99e6830f1d8c8d19ecaf6b3"},
    {file = "regex-2022.9.13-cp39-cp39-musllinux_1_1_i686.whl", hash = "sha256:d5b003d248e6f292475cd24b04e5f72c48412231961a675edcb653c70730e79e"},
    {file = "regex-2022.9.13-cp39-cp39-musllinux_1_1_ppc64le.whl", hash = "sha256:d5edd3eb877c9fc2e385173d4a4e1d792bf692d79e25c1ca391802d36ecfaa01"},
    {file = "regex-2022.9.13-cp39-cp39-musllinux_1_1_s390x.whl", hash = "sha256:50e764ffbd08b06aa8c4e86b8b568b6722c75d301b33b259099f237c46b2134e"},
    {file = "regex-2022.9.13-cp39-cp39-musllinux_1_1_x86_64.whl", hash = "sha256:6d43bd402b27e0e7eae85c612725ba1ce7798f20f6fab4e8bc3de4f263294f03"},
    {file = "regex-2022.9.13-cp39-cp39-win32.whl", hash = "sha256:7fcf7f94ccad19186820ac67e2ec7e09e0ac2dac39689f11cf71eac580503296"},
    {file = "regex-2022.9.13-cp39-cp39-win_amd64.whl", hash = "sha256:322bd5572bed36a5b39952d88e072738926759422498a96df138d93384934ff8"},
    {file = "regex-2022.9.13.tar.gz", hash = "sha256:f07373b6e56a6f3a0df3d75b651a278ca7bd357a796078a26a958ea1ce0588fd"},
]
rich = [
    {file = "rich-12.5.1-py3-none-any.whl", hash = "sha256:2eb4e6894cde1e017976d2975ac210ef515d7548bc595ba20e195fb9628acdeb"},
    {file = "rich-12.5.1.tar.gz", hash = "sha256:63a5c5ce3673d3d5fbbf23cd87e11ab84b6b451436f1b7f19ec54b6bc36ed7ca"},
]
rtoml = [
    {file = "rtoml-0.8.0-cp310-cp310-macosx_10_9_x86_64.whl", hash = "sha256:e924ae37aeafd60d09b888ea30ae18bceac5086689216ab3ae16dd93692202a9"},
    {file = "rtoml-0.8.0-cp310-cp310-macosx_11_0_arm64.whl", hash = "sha256:715bf814144f47306752b0ddf0965a1cf2e36410c3edc05fafe1363ba57fa2b6"},
    {file = "rtoml-0.8.0-cp310-cp310-manylinux_2_17_aarch64.manylinux2014_aarch64.whl", hash = "sha256:b11aefaaeab294bb98b3afa3a47d3f898378904e6a2b62fa1eca48caf1cfe878"},
    {file = "rtoml-0.8.0-cp310-cp310-manylinux_2_17_x86_64.manylinux2014_x86_64.whl", hash = "sha256:87da140716797198c9d011896c2b092ea5662d48d94059e705504b37131255a8"},
    {file = "rtoml-0.8.0-cp310-cp310-manylinux_2_5_i686.manylinux1_i686.manylinux_2_17_i686.manylinux2014_i686.whl", hash = "sha256:b77916b8d0cea069b0b7b59eb40a7948fa2289eb7938546749b801290785632a"},
    {file = "rtoml-0.8.0-cp310-cp310-musllinux_1_1_aarch64.whl", hash = "sha256:c7fca6d6cd6182cf758c3b4b8554f6d548f9d921ba1cb91adb4aca779010cdfa"},
    {file = "rtoml-0.8.0-cp310-cp310-musllinux_1_1_x86_64.whl", hash = "sha256:f9cbd99d158e440951f851613ce3b6f29c201676124900876937ebf65307c3a1"},
    {file = "rtoml-0.8.0-cp310-cp310-win32.whl", hash = "sha256:9708df41c348fa570cfaa9d62bfb46d14a1e7f3fe08203dab55fa22c1cd81a9f"},
    {file = "rtoml-0.8.0-cp310-cp310-win_amd64.whl", hash = "sha256:9d93a2e9197ecda83765ed14661a933abf616de37442a8705ef6f1a897fa3299"},
    {file = "rtoml-0.8.0-cp37-cp37m-macosx_10_9_x86_64.whl", hash = "sha256:1f494155b5321718d3e9afecf94c0ca02bba03fbae7ec1922ab14543694c1603"},
    {file = "rtoml-0.8.0-cp37-cp37m-manylinux_2_17_aarch64.manylinux2014_aarch64.whl", hash = "sha256:bc6d82e5a28fffd3910a54d511ba7adc66f668b0c25d0ee75685aeb24ce4a730"},
    {file = "rtoml-0.8.0-cp37-cp37m-manylinux_2_17_x86_64.manylinux2014_x86_64.whl", hash = "sha256:0d0f46641b4ac2e6934801d29c6c4c6f2bda017b34482aeb8f8170b977a60b17"},
    {file = "rtoml-0.8.0-cp37-cp37m-manylinux_2_5_i686.manylinux1_i686.manylinux_2_17_i686.manylinux2014_i686.whl", hash = "sha256:fb2a996587e39359ec1b638fa74d1247b7adebe4f804d03d1c681c064b0ae24c"},
    {file = "rtoml-0.8.0-cp37-cp37m-musllinux_1_1_aarch64.whl", hash = "sha256:a7846ed05136de9ec60f5ee5bb6a53c640f7e0504bd9ec3586016cb6cf36ea2b"},
    {file = "rtoml-0.8.0-cp37-cp37m-musllinux_1_1_x86_64.whl", hash = "sha256:2883cd30caac29c8f00dd8c7f20ee7cade778aba1413bea3c8e0fa6013581c9c"},
    {file = "rtoml-0.8.0-cp37-cp37m-win32.whl", hash = "sha256:4ce8bb6ea93ce1ce2de7a48bed47a290fcf6adf8d427768397512f4d9a107461"},
    {file = "rtoml-0.8.0-cp37-cp37m-win_amd64.whl", hash = "sha256:0eea2ed0d724df91b230c89653a021fc0e22b1353d9a567d166093104cbe8e0c"},
    {file = "rtoml-0.8.0-cp38-cp38-macosx_10_9_x86_64.whl", hash = "sha256:71a6ed08313755891a8341007892f4738e624a25f757136deea7a1c75862254e"},
    {file = "rtoml-0.8.0-cp38-cp38-macosx_11_0_arm64.whl", hash = "sha256:77173831317fc493752ddcc3c4ce20d6c322bbffbe4bcb3131a78fc6ca63a8a9"},
    {file = "rtoml-0.8.0-cp38-cp38-manylinux_2_17_aarch64.manylinux2014_aarch64.whl", hash = "sha256:ffbfa5ae5b88991f88a8a8f06aeb572f7d5ec4811ee101ba90493754be3df677"},
    {file = "rtoml-0.8.0-cp38-cp38-manylinux_2_17_x86_64.manylinux2014_x86_64.whl", hash = "sha256:5502507da47e142013e316133eaa0c0312c351aed9c02e51104dd9fc725b0925"},
    {file = "rtoml-0.8.0-cp38-cp38-manylinux_2_5_i686.manylinux1_i686.manylinux_2_17_i686.manylinux2014_i686.whl", hash = "sha256:97fc53d7bb277ef379c919a5972e5faa403c7d41951c0e6fd57e00ad470ea992"},
    {file = "rtoml-0.8.0-cp38-cp38-musllinux_1_1_aarch64.whl", hash = "sha256:617b57d9254c83d09646b8f6062a7da066c23b1999a63788f894a16707b710a7"},
    {file = "rtoml-0.8.0-cp38-cp38-musllinux_1_1_x86_64.whl", hash = "sha256:3773957d1a67d5620d64f73e855fd81de01fac5aff14d643cb5821854633c6d4"},
    {file = "rtoml-0.8.0-cp38-cp38-win32.whl", hash = "sha256:a2a743456652d881f4baf61e593f1b131500f03d7d9aa55c41812d8737624aa0"},
    {file = "rtoml-0.8.0-cp38-cp38-win_amd64.whl", hash = "sha256:1cc362b02d586721ec3b24cf1f6e9da0223fc2009dfa5b49b929e7d2c6fbaaf7"},
    {file = "rtoml-0.8.0-cp39-cp39-macosx_10_9_x86_64.whl", hash = "sha256:10d0f771558b8f8c0940e517f089cbea5f1ddfa8d684c176ac6c3a1797b50f19"},
    {file = "rtoml-0.8.0-cp39-cp39-macosx_11_0_arm64.whl", hash = "sha256:a42c8faf9d7ea40a86ac8cb73d0e485467d4702fcc3b763276a046d9b6cd738e"},
    {file = "rtoml-0.8.0-cp39-cp39-manylinux_2_17_aarch64.manylinux2014_aarch64.whl", hash = "sha256:f84b83a852ac8f8efca56490cd21eb53c55a116dd2485658f0ced2ee99e0b09f"},
    {file = "rtoml-0.8.0-cp39-cp39-manylinux_2_17_x86_64.manylinux2014_x86_64.whl", hash = "sha256:9de660acc172db507321498275c8c8f052c6d3261331eb5aa964447bfecc90d1"},
    {file = "rtoml-0.8.0-cp39-cp39-manylinux_2_5_i686.manylinux1_i686.manylinux_2_17_i686.manylinux2014_i686.whl", hash = "sha256:ccc9fdd7064b1c8a990548956e27a3217c7a692e8bae222af8cdb3d0750dddf6"},
    {file = "rtoml-0.8.0-cp39-cp39-musllinux_1_1_aarch64.whl", hash = "sha256:0ce59d9e077030a2bfc915ebb872d15532e61e57d967075ab978b76b933b9634"},
    {file = "rtoml-0.8.0-cp39-cp39-musllinux_1_1_x86_64.whl", hash = "sha256:88a2187059be67a94e59519a91785f43db3159f2963ea8e15c31808a95b58c9f"},
    {file = "rtoml-0.8.0-cp39-cp39-win32.whl", hash = "sha256:fb106a90e1dc55e9fe2774b41d57074f02a716aac864a58fedca2cf399114f29"},
    {file = "rtoml-0.8.0-cp39-cp39-win_amd64.whl", hash = "sha256:333e5e1fc257b1302f589b662fd2405ec4b3b68a032e125011bcf86ea52b19eb"},
    {file = "rtoml-0.8.0.tar.gz", hash = "sha256:6d55fa9df88256c6762f01f18b8bd3f6dc1836600ea8655eb3719a2b8f3df764"},
]
six = [
    {file = "six-1.16.0-py2.py3-none-any.whl", hash = "sha256:8abb2f1d86890a2dfb989f9a77cfcfd3e47c2a354b01111771326f8aa26e0254"},
    {file = "six-1.16.0.tar.gz", hash = "sha256:1e61c37477a1626458e36f7b1d82aa5c9b094fa4802892072e49de9c60c4c926"},
]
toml = [
    {file = "toml-0.10.2-py2.py3-none-any.whl", hash = "sha256:806143ae5bfb6a3c6e736a764057db0e6a0e05e338b5630894a5f779cabb4f9b"},
    {file = "toml-0.10.2.tar.gz", hash = "sha256:b3bda1d108d5dd99f4a20d24d9c348e91c4db7ab1b749200bded2f839ccbe68f"},
]
tomli = [
    {file = "tomli-2.0.1-py3-none-any.whl", hash = "sha256:939de3e7a6161af0c887ef91b7d41a53e7c5a1ca976325f429cb46ea9bc30ecc"},
    {file = "tomli-2.0.1.tar.gz", hash = "sha256:de526c12914f0c550d15924c62d72abc48d6fe7364aa87328337a31007fe8a4f"},
]
tomli-w = [
    {file = "tomli_w-1.0.0-py3-none-any.whl", hash = "sha256:9f2a07e8be30a0729e533ec968016807069991ae2fd921a78d42f429ae5f4463"},
    {file = "tomli_w-1.0.0.tar.gz", hash = "sha256:f463434305e0336248cac9c2dc8076b707d8a12d019dd349f5c1e382dd1ae1b9"},
]
tomlkit = [
    {file = "tomlkit-0.11.4-py3-none-any.whl", hash = "sha256:25d4e2e446c453be6360c67ddfb88838cfc42026322770ba13d1fbd403a93a5c"},
    {file = "tomlkit-0.11.4.tar.gz", hash = "sha256:3235a9010fae54323e727c3ac06fb720752fe6635b3426e379daec60fbd44a83"},
]
zipp = [
    {file = "zipp-3.8.1-py3-none-any.whl", hash = "sha256:47c40d7fe183a6f21403a199b3e4192cca5774656965b0a4988ad2f8feb5f009"},
    {file = "zipp-3.8.1.tar.gz", hash = "sha256:05b45f1ee8f807d0cc928485ca40a07cb491cf092ff587c0df9cb1fd154848d2"},
]
