# This file is automatically @generated by Poetry 1.6.1 and should not be changed by hand.

[[package]]
name = "attrs"
version = "21.4.0"
description = "Classes Without Boilerplate"
optional = false
python-versions = ">=2.7, !=3.0.*, !=3.1.*, !=3.2.*, !=3.3.*, !=3.4.*"
files = [
    {file = "attrs-21.4.0-py2.py3-none-any.whl", hash = "sha256:2d27e3784d7a565d36ab851fe94887c5eccd6a463168875832a1be79c82828b4"},
    {file = "attrs-21.4.0.tar.gz", hash = "sha256:626ba8234211db98e869df76230a137c4c40a12d72445c45d5f5b716f076e2fd"},
]

[package.extras]
dev = ["cloudpickle", "coverage[toml] (>=5.0.2)", "furo", "hypothesis", "mypy", "pre-commit", "pympler", "pytest (>=4.3.0)", "pytest-mypy-plugins", "six", "sphinx", "sphinx-notfound-page", "zope.interface"]
docs = ["furo", "sphinx", "sphinx-notfound-page", "zope.interface"]
tests = ["cloudpickle", "coverage[toml] (>=5.0.2)", "hypothesis", "mypy", "pympler", "pytest (>=4.3.0)", "pytest-mypy-plugins", "six", "zope.interface"]
tests-no-zope = ["cloudpickle", "coverage[toml] (>=5.0.2)", "hypothesis", "mypy", "pympler", "pytest (>=4.3.0)", "pytest-mypy-plugins", "six"]

[[package]]
name = "benchwork"
version = "0.0.2"
description = "A framework for benchmarking in python"
optional = false
python-versions = ">=3.7,<4.0"
files = [
    {file = "benchwork-0.0.2-py3-none-any.whl", hash = "sha256:108ca9bd7aef958ff0b5af1e41d654d95296629ffcffb2b49a9ba1a9347f1fb2"},
    {file = "benchwork-0.0.2.tar.gz", hash = "sha256:5e6c3ba005c535485534bb67fe48b16a153739103c2d4e319eca57730701fdbe"},
]

[[package]]
name = "click"
version = "8.1.7"
description = "Composable command line interface toolkit"
optional = false
python-versions = ">=3.7"
files = [
    {file = "click-8.1.7-py3-none-any.whl", hash = "sha256:ae74fb96c20a0277a1d615f1e4d73c8414f5a98db8b799a7931d1582f3390c28"},
    {file = "click-8.1.7.tar.gz", hash = "sha256:ca9853ad459e787e2192211578cc907e7594e294c7ccc834310722b41b9ca6de"},
]

[package.dependencies]
colorama = {version = "*", markers = "platform_system == \"Windows\""}

[[package]]
name = "colorama"
version = "0.4.6"
description = "Cross-platform colored terminal text."
optional = false
python-versions = "!=3.0.*,!=3.1.*,!=3.2.*,!=3.3.*,!=3.4.*,!=3.5.*,!=3.6.*,>=2.7"
files = [
    {file = "colorama-0.4.6-py2.py3-none-any.whl", hash = "sha256:4f1d9991f5acc0ca119f9d443620b77f9d6b33703e51011c16baf57afb285fc6"},
    {file = "colorama-0.4.6.tar.gz", hash = "sha256:08695f5cb7ed6e0531a20572697297273c47b8cae5a63ffc6d6ed5c201be6e44"},
]

[[package]]
name = "diot"
version = "0.1.8"
description = "Python dictionary with dot notation."
optional = false
python-versions = ">=3.7,<4.0"
files = [
    {file = "diot-0.1.8-py3-none-any.whl", hash = "sha256:f2d7d2f121e8a60cd06b7d1b476765e25c37002d0db44e0f5ef72dca98d22640"},
    {file = "diot-0.1.8.tar.gz", hash = "sha256:21408f8a09628bfb8c88791eaab1558a71692adff4e237c96b4b31a54d3cb2f5"},
]

[package.dependencies]
inflection = ">=0.5,<0.6"

[[package]]
name = "importlib-metadata"
version = "5.2.0"
description = "Read metadata from Python packages"
optional = false
python-versions = ">=3.7"
files = [
    {file = "importlib_metadata-5.2.0-py3-none-any.whl", hash = "sha256:0eafa39ba42bf225fc00e67f701d71f85aead9f878569caf13c3724f704b970f"},
    {file = "importlib_metadata-5.2.0.tar.gz", hash = "sha256:404d48d62bba0b7a77ff9d405efd91501bef2e67ff4ace0bed40a0cf28c3c7cd"},
]

[package.dependencies]
zipp = ">=0.5"

[package.extras]
docs = ["furo", "jaraco.packaging (>=9)", "jaraco.tidelift (>=1.4)", "rst.linker (>=1.9)", "sphinx (>=3.5)", "sphinx-lint"]
perf = ["ipython"]
testing = ["flake8 (<5)", "flufl.flake8", "importlib-resources (>=1.3)", "packaging", "pyfakefs", "pytest (>=6)", "pytest-black (>=0.3.7)", "pytest-checkdocs (>=2.4)", "pytest-cov", "pytest-enabler (>=1.3)", "pytest-flake8", "pytest-mypy (>=0.9.1)", "pytest-perf (>=0.9.2)"]

[[package]]
name = "inflection"
version = "0.5.1"
description = "A port of Ruby on Rails inflector to Python"
optional = false
python-versions = ">=3.5"
files = [
    {file = "inflection-0.5.1-py2.py3-none-any.whl", hash = "sha256:f38b2b640938a4f35ade69ac3d053042959b62a0f1076a5bbaa1b9526605a8a2"},
    {file = "inflection-0.5.1.tar.gz", hash = "sha256:1a29730d366e996aaacffb2f1f1cb9593dc38e2ddd30c91250c6dde09ea9b417"},
]

[[package]]
name = "markdown-it-py"
version = "3.0.0"
description = "Python port of markdown-it. Markdown parsing, done right!"
optional = false
python-versions = ">=3.8"
files = [
    {file = "markdown-it-py-3.0.0.tar.gz", hash = "sha256:e3f60a94fa066dc52ec76661e37c851cb232d92f9886b15cb560aaada2df8feb"},
    {file = "markdown_it_py-3.0.0-py3-none-any.whl", hash = "sha256:355216845c60bd96232cd8d8c40e8f9765cc86f46880e43a8fd22dc1a1a8cab1"},
]

[package.dependencies]
mdurl = ">=0.1,<1.0"

[package.extras]
benchmarking = ["psutil", "pytest", "pytest-benchmark"]
code-style = ["pre-commit (>=3.0,<4.0)"]
compare = ["commonmark (>=0.9,<1.0)", "markdown (>=3.4,<4.0)", "mistletoe (>=1.0,<2.0)", "mistune (>=2.0,<3.0)", "panflute (>=2.3,<3.0)"]
linkify = ["linkify-it-py (>=1,<3)"]
plugins = ["mdit-py-plugins"]
profiling = ["gprof2dot"]
rtd = ["jupyter_sphinx", "mdit-py-plugins", "myst-parser", "pyyaml", "sphinx", "sphinx-copybutton", "sphinx-design", "sphinx_book_theme"]
testing = ["coverage", "pytest", "pytest-cov", "pytest-regressions"]

[[package]]
name = "mdurl"
version = "0.1.2"
description = "Markdown URL utilities"
optional = false
python-versions = ">=3.7"
files = [
    {file = "mdurl-0.1.2-py3-none-any.whl", hash = "sha256:84008a41e51615a49fc9966191ff91509e3c40b939176e643fd50a5c2196b8f8"},
    {file = "mdurl-0.1.2.tar.gz", hash = "sha256:bb413d29f5eea38f31dd4754dd7377d4465116fb207585f97bf925588687c1ba"},
]

[[package]]
name = "pygments"
version = "2.16.1"
description = "Pygments is a syntax highlighting package written in Python."
optional = false
python-versions = ">=3.7"
files = [
    {file = "Pygments-2.16.1-py3-none-any.whl", hash = "sha256:13fc09fa63bc8d8671a6d247e1eb303c4b343eaee81d861f3404db2935653692"},
    {file = "Pygments-2.16.1.tar.gz", hash = "sha256:1daff0494820c69bc8941e407aa20f577374ee88364ee10a98fdbe0aece96e29"},
]

[package.extras]
plugins = ["importlib-metadata"]

[[package]]
name = "pyparam"
version = "0.5.4"
description = "Powerful parameter processing."
optional = false
python-versions = ">=3.7,<4.0"
files = [
    {file = "pyparam-0.5.4-py3-none-any.whl", hash = "sha256:1fc94f0aa4914274dcf07c8ae270470ef63b36efd31bc2a38ba22ab00de35a14"},
    {file = "pyparam-0.5.4.tar.gz", hash = "sha256:5513742f9668429d42e7b0acaf02c6ae868466b048ff91f1241f0c6d067a0af5"},
]

[package.dependencies]
diot = ">=0.1,<0.2"
python-simpleconf = ">=0.5,<0.6"
rich = ">=13,<14"

[[package]]
name = "python-dateutil"
version = "2.8.2"
description = "Extensions to the standard Python datetime module"
optional = false
python-versions = "!=3.0.*,!=3.1.*,!=3.2.*,>=2.7"
files = [
    {file = "python-dateutil-2.8.2.tar.gz", hash = "sha256:0123cacc1627ae19ddf3c27a5de5bd67ee4586fbdd6440d9748f8abb483d3e86"},
    {file = "python_dateutil-2.8.2-py2.py3-none-any.whl", hash = "sha256:961d03dc3453ebbc59dbdea9e4e11c5651520a876d0f4db161e8674aae935da9"},
]

[package.dependencies]
six = ">=1.5"

[[package]]
name = "python-simpleconf"
version = "0.5.7"
description = "Simple configuration management with python."
optional = false
python-versions = ">=3.7,<4.0"
files = [
    {file = "python-simpleconf-0.5.7.tar.gz", hash = "sha256:e8c41be99cc835d59efe6a0d1617cffcfa6c7661142c5299d7ae39ecc06b3f14"},
    {file = "python_simpleconf-0.5.7-py3-none-any.whl", hash = "sha256:e44f2ef56ee931607f2e6a836e5a3b77457abea8dc0e536e8ba8403751f07b2c"},
]

[package.dependencies]
diot = ">=0.1,<0.2"

[package.extras]
all = ["iniconfig (>=1.1,<2.0)", "python-dotenv (>=0.20,<0.21)", "pyyaml (>=6,<7)", "rtoml (>=0.8,<0.9)"]
env = ["python-dotenv (>=0.20,<0.21)"]
ini = ["iniconfig (>=1.1,<2.0)"]
toml = ["rtoml (>=0.8,<0.9)"]
yaml = ["pyyaml (>=6,<7)"]

[[package]]
name = "pytomlpp"
version = "1.0.13"
description = "A python wrapper for toml++"
optional = false
python-versions = "*"
files = [
    {file = "pytomlpp-1.0.13-cp310-cp310-macosx_10_9_universal2.whl", hash = "sha256:131644b5c32a0b32667875883251fa01a6a852e0386e5db8d0f70ddf44bebe3b"},
    {file = "pytomlpp-1.0.13-cp310-cp310-macosx_10_9_x86_64.whl", hash = "sha256:23d7ac98b01965e17c604bc86c77f751e4f91055c68397a724e7a05cd91c04fd"},
    {file = "pytomlpp-1.0.13-cp310-cp310-macosx_11_0_arm64.whl", hash = "sha256:98ae1451dcabb3449df8a097014b2d5cdaeb8961f16cced83462dfb704b61d12"},
    {file = "pytomlpp-1.0.13-cp310-cp310-manylinux_2_17_i686.manylinux2014_i686.whl", hash = "sha256:cc31231a57b45499c68b7c6c7c7d176874c1b4d3c236e3e4ecfc005642496815"},
    {file = "pytomlpp-1.0.13-cp310-cp310-manylinux_2_17_x86_64.manylinux2014_x86_64.whl", hash = "sha256:68d1743e03806e67a0b5daefb8f548609ffeec4ab94d91092440325c9e22bc77"},
    {file = "pytomlpp-1.0.13-cp310-cp310-musllinux_1_1_i686.whl", hash = "sha256:5b9a8b2179271abc54c0879cccc880b50918409765074c9ee25d45545f60b2a8"},
    {file = "pytomlpp-1.0.13-cp310-cp310-musllinux_1_1_x86_64.whl", hash = "sha256:4d325590d276104e4030c7907dd559148566347e840cb1c3874671ea09491789"},
    {file = "pytomlpp-1.0.13-cp310-cp310-win_amd64.whl", hash = "sha256:fab6e69a754d3be5d8580753feac56fa70d2f4f9388f1d7a30c719ceca2d3ff2"},
    {file = "pytomlpp-1.0.13-cp311-cp311-macosx_10_9_universal2.whl", hash = "sha256:47684714f9ed1a880e66b2e183789519a9ad7b55f2da9e30b65090a42342ef83"},
    {file = "pytomlpp-1.0.13-cp311-cp311-macosx_10_9_x86_64.whl", hash = "sha256:4d7c0e8a1e21249df4e60f07a728129f33899b7548ff391343b244e1222296b1"},
    {file = "pytomlpp-1.0.13-cp311-cp311-macosx_11_0_arm64.whl", hash = "sha256:aa016e89a76c3ed58ea7a1eb2cb795ee1b1aa2831bb47c724ae787cb03dcf790"},
    {file = "pytomlpp-1.0.13-cp311-cp311-manylinux_2_17_i686.manylinux2014_i686.whl", hash = "sha256:d4549130097ca8b7aada5f6e8440db3dbc36f0f3df24231b3521297a5e3cecf1"},
    {file = "pytomlpp-1.0.13-cp311-cp311-manylinux_2_17_x86_64.manylinux2014_x86_64.whl", hash = "sha256:7d2e7be5ddf349fbcfdd1cfcee630c4ad33031411a9dded93a96d186f2086038"},
    {file = "pytomlpp-1.0.13-cp311-cp311-musllinux_1_1_i686.whl", hash = "sha256:3398853a6ab98ccb5e722b9d2f1ac127ea2a82d267dcff8ff7dc98a472f70ad0"},
    {file = "pytomlpp-1.0.13-cp311-cp311-musllinux_1_1_x86_64.whl", hash = "sha256:b606dea8b05d2f5915a4d6f88e7772eb4772ed8a65c113b15bff5754982f48df"},
    {file = "pytomlpp-1.0.13-cp311-cp311-win_amd64.whl", hash = "sha256:1843cd3816e25453bfcac5468106f9f39e766bda198bd69d41e09184a6062497"},
    {file = "pytomlpp-1.0.13-cp36-cp36m-macosx_10_9_x86_64.whl", hash = "sha256:adfbfb981bcfe31cec4443b2410ae65cea6ec37b13396f7a0a66ffffd418a075"},
    {file = "pytomlpp-1.0.13-cp36-cp36m-manylinux_2_17_i686.manylinux2014_i686.whl", hash = "sha256:87256e701a6237a178739323394e5abfe3bf5fa5eb0188d8710839412556b56e"},
    {file = "pytomlpp-1.0.13-cp36-cp36m-manylinux_2_17_x86_64.manylinux2014_x86_64.whl", hash = "sha256:a2752caeb649c04dcdfe78dd43d63b9c03db01d41f4e97af133f214cf6ee5f09"},
    {file = "pytomlpp-1.0.13-cp36-cp36m-musllinux_1_1_i686.whl", hash = "sha256:988288644025dc20a997a5caa8d6d283ad94bdbc30415a965a12b82bc77026c1"},
    {file = "pytomlpp-1.0.13-cp36-cp36m-musllinux_1_1_x86_64.whl", hash = "sha256:807f8cfff2195b68fbefe8122561be6ced51009f5c95c422f781bae5d7d90fc4"},
    {file = "pytomlpp-1.0.13-cp36-cp36m-win_amd64.whl", hash = "sha256:7443a2dce8f48c0801c1f5b3ea78acbae30fb263480570f8b68b198620041afa"},
    {file = "pytomlpp-1.0.13-cp37-cp37m-macosx_10_9_x86_64.whl", hash = "sha256:c155e2b72844dd11ca0fdfc3bfb44bc41770ba34803b67621e41496f67b70453"},
    {file = "pytomlpp-1.0.13-cp37-cp37m-manylinux_2_17_i686.manylinux2014_i686.whl", hash = "sha256:ffae01816f10fa29e0cd30bd8709573de5ba1ec57dd5901ab6e2f8c7c199ed7a"},
    {file = "pytomlpp-1.0.13-cp37-cp37m-manylinux_2_17_x86_64.manylinux2014_x86_64.whl", hash = "sha256:e030b4440cc65937ae9701448615ba445ea2c1ff20fa630c149e368e06f9b082"},
    {file = "pytomlpp-1.0.13-cp37-cp37m-musllinux_1_1_i686.whl", hash = "sha256:2e2a94463207608d1cba0c36ea4f882e0b409e28590e2dbc48961dea59f170c0"},
    {file = "pytomlpp-1.0.13-cp37-cp37m-musllinux_1_1_x86_64.whl", hash = "sha256:70b43d955fb53ca9186dafc95fa24ea783870a226bf875b833c25dd5865ed526"},
    {file = "pytomlpp-1.0.13-cp37-cp37m-win_amd64.whl", hash = "sha256:7832307f4bc0518f78f0afc615cb8135400522be8676eff47ece5dfbca240115"},
    {file = "pytomlpp-1.0.13-cp38-cp38-macosx_10_9_universal2.whl", hash = "sha256:d50395394963529940703638b422b19d84c5a003a7eb0106ad7c7347ad6f20c0"},
    {file = "pytomlpp-1.0.13-cp38-cp38-macosx_10_9_x86_64.whl", hash = "sha256:73062c46d315e1f3cdf631fb8761e0981dda0df346723ca50355c4311167fbfa"},
    {file = "pytomlpp-1.0.13-cp38-cp38-macosx_11_0_arm64.whl", hash = "sha256:2fe54bcd5911b33410a7a7e9cad66d016b056b331cfdf9e5e9d8b404339b1003"},
    {file = "pytomlpp-1.0.13-cp38-cp38-manylinux_2_17_i686.manylinux2014_i686.whl", hash = "sha256:88facf9533603b8e2a502f4485641dcb3121d20ccff78f1167b38efc1c7eb9a4"},
    {file = "pytomlpp-1.0.13-cp38-cp38-manylinux_2_17_x86_64.manylinux2014_x86_64.whl", hash = "sha256:ce78fab1987ff48d42e4f4759d765dbf183824a56862f35f500ce0cfc974b5ef"},
    {file = "pytomlpp-1.0.13-cp38-cp38-musllinux_1_1_i686.whl", hash = "sha256:0cf58c70c6cf97d8f98f1931c168b5a2b4c894e5bfd46bd574f0ea0668e8d2b2"},
    {file = "pytomlpp-1.0.13-cp38-cp38-musllinux_1_1_x86_64.whl", hash = "sha256:b95933988d11d6b54beb1dbf5d13b7afb4f60c2d014dfaaa5c7df44393e23537"},
    {file = "pytomlpp-1.0.13-cp38-cp38-win_amd64.whl", hash = "sha256:a43b2be6182d56914e9cf8aea25cd756b6c7415395ed223b7fc270582a0a4fd2"},
    {file = "pytomlpp-1.0.13-cp39-cp39-macosx_10_9_universal2.whl", hash = "sha256:2fea0318339407d0a9a097d63e9c020cc1bdb0b2de90b5ba6cfb3eabfdbbdfd1"},
    {file = "pytomlpp-1.0.13-cp39-cp39-macosx_10_9_x86_64.whl", hash = "sha256:98510ef5b92f8f7c5e42280948301f542f0086c39bf879f140e111a987f521aa"},
    {file = "pytomlpp-1.0.13-cp39-cp39-macosx_11_0_arm64.whl", hash = "sha256:8287ded4f27d9f54d017e996480e95ebcf9b2fd8381d4bc755f39fc0b2f70629"},
    {file = "pytomlpp-1.0.13-cp39-cp39-manylinux_2_17_i686.manylinux2014_i686.whl", hash = "sha256:f931803e4f48df82ac86ddc075a16635d57018bbac779e0258c896544f5e8ec6"},
    {file = "pytomlpp-1.0.13-cp39-cp39-manylinux_2_17_x86_64.manylinux2014_x86_64.whl", hash = "sha256:20a1f6584814f7c9db63f1f590868788aff86201e2b49e89f76772346b79606a"},
    {file = "pytomlpp-1.0.13-cp39-cp39-musllinux_1_1_i686.whl", hash = "sha256:abbca560310f4bc1f0dea15e77042da03d2a9437ffc239fd949fdcb4302bd85b"},
    {file = "pytomlpp-1.0.13-cp39-cp39-musllinux_1_1_x86_64.whl", hash = "sha256:62150ce6f7a47a135ba4375a8075eb321d1064ea2295f59fd92d5d148b7093f0"},
    {file = "pytomlpp-1.0.13-cp39-cp39-win_amd64.whl", hash = "sha256:b5e89ea80cd25732a2789d67075b72d64133fdf13490aa058abfe9e4964880e4"},
    {file = "pytomlpp-1.0.13-pp37-pypy37_pp73-macosx_10_9_x86_64.whl", hash = "sha256:4710c72456c10a90e58084174312abef8f9652b0f91c240c008903c1bd99814d"},
    {file = "pytomlpp-1.0.13-pp37-pypy37_pp73-manylinux_2_17_i686.manylinux2014_i686.whl", hash = "sha256:b59acc12339a992404289ab7294f28ba06c7df3c2562e81d316a0e744ab4103b"},
    {file = "pytomlpp-1.0.13-pp37-pypy37_pp73-manylinux_2_17_x86_64.manylinux2014_x86_64.whl", hash = "sha256:252e31a5e013a74b898784f4ffb8aa8068e136b910ad11f2af1ee8a5700e6e1e"},
    {file = "pytomlpp-1.0.13-pp37-pypy37_pp73-win_amd64.whl", hash = "sha256:09e716c0f462d15f2334cecc736957777dd30f8a5bfa5cf8150679da7577d2fd"},
    {file = "pytomlpp-1.0.13-pp38-pypy38_pp73-macosx_10_9_x86_64.whl", hash = "sha256:19dbded2995370e802105fa6dce54ed60f79e58b4eb35fee7ef33f1fb5958f6c"},
    {file = "pytomlpp-1.0.13-pp38-pypy38_pp73-manylinux_2_17_i686.manylinux2014_i686.whl", hash = "sha256:9f87f6c958309e4c2358b778902c80bd33611d1c392f1abe2c226e3a62909ca4"},
    {file = "pytomlpp-1.0.13-pp38-pypy38_pp73-manylinux_2_17_x86_64.manylinux2014_x86_64.whl", hash = "sha256:e285aca948b419301fdda1927723287ef28482752782c44c9ee8c57eae7a1dc8"},
    {file = "pytomlpp-1.0.13-pp38-pypy38_pp73-win_amd64.whl", hash = "sha256:aad6ae19c056ea62a43fec82427ad4675b5c773dc255c4bdcf6da659cd7edff6"},
    {file = "pytomlpp-1.0.13-pp39-pypy39_pp73-macosx_10_9_x86_64.whl", hash = "sha256:0e0b34b7a132856567714342e9a622f7be0b4c9bac561a6252f0f85626c1aa4b"},
    {file = "pytomlpp-1.0.13-pp39-pypy39_pp73-manylinux_2_17_i686.manylinux2014_i686.whl", hash = "sha256:ac06ca7683f5a2737b3888ea1e38d6968abb24fab703bc7ceccbe589d5420e0c"},
    {file = "pytomlpp-1.0.13-pp39-pypy39_pp73-manylinux_2_17_x86_64.manylinux2014_x86_64.whl", hash = "sha256:35225c1d9d674df87b4682f04af97856049351c38822455b78258248d9309363"},
    {file = "pytomlpp-1.0.13-pp39-pypy39_pp73-win_amd64.whl", hash = "sha256:dbc9208ac58ea2a9d5ebb77e69d54d146744007f4a704a3f4e56d9881d41ee1c"},
    {file = "pytomlpp-1.0.13.tar.gz", hash = "sha256:a0bd639a8f624d1bdf5b3ea94363ca23dbfef38ab7b5b9348881a84afab434ad"},
]

[[package]]
name = "qtoml"
version = "0.3.1"
description = "New TOML encoder/decoder"
optional = false
python-versions = ">=3.6,<4.0"
files = [
    {file = "qtoml-0.3.1-py3-none-any.whl", hash = "sha256:de4ec4f759a77931cda324a06e2c2fbbb2209372c42f4741c2ab6748f15640b4"},
    {file = "qtoml-0.3.1.tar.gz", hash = "sha256:7f2d0c2c39659d2a408ae93d02a068e0d22eb67e16e474239f7735ff1094b1ba"},
]

[package.dependencies]
attrs = ">=19.3.0,<22.0"
click = ">=7.0,<9.0"

[[package]]
name = "regex"
version = "2022.10.31"
description = "Alternative regular expression module, to replace re."
optional = false
python-versions = ">=3.6"
files = [
    {file = "regex-2022.10.31-cp310-cp310-macosx_10_9_x86_64.whl", hash = "sha256:a8ff454ef0bb061e37df03557afda9d785c905dab15584860f982e88be73015f"},
    {file = "regex-2022.10.31-cp310-cp310-macosx_11_0_arm64.whl", hash = "sha256:1eba476b1b242620c266edf6325b443a2e22b633217a9835a52d8da2b5c051f9"},
    {file = "regex-2022.10.31-cp310-cp310-manylinux_2_17_aarch64.manylinux2014_aarch64.whl", hash = "sha256:d0e5af9a9effb88535a472e19169e09ce750c3d442fb222254a276d77808620b"},
    {file = "regex-2022.10.31-cp310-cp310-manylinux_2_17_ppc64le.manylinux2014_ppc64le.whl", hash = "sha256:d03fe67b2325cb3f09be029fd5da8df9e6974f0cde2c2ac6a79d2634e791dd57"},
    {file = "regex-2022.10.31-cp310-cp310-manylinux_2_17_s390x.manylinux2014_s390x.whl", hash = "sha256:a9d0b68ac1743964755ae2d89772c7e6fb0118acd4d0b7464eaf3921c6b49dd4"},
    {file = "regex-2022.10.31-cp310-cp310-manylinux_2_17_x86_64.manylinux2014_x86_64.whl", hash = "sha256:8a45b6514861916c429e6059a55cf7db74670eaed2052a648e3e4d04f070e001"},
    {file = "regex-2022.10.31-cp310-cp310-manylinux_2_5_i686.manylinux1_i686.manylinux_2_17_i686.manylinux2014_i686.whl", hash = "sha256:8b0886885f7323beea6f552c28bff62cbe0983b9fbb94126531693ea6c5ebb90"},
    {file = "regex-2022.10.31-cp310-cp310-manylinux_2_5_x86_64.manylinux1_x86_64.manylinux_2_12_x86_64.manylinux2010_x86_64.whl", hash = "sha256:5aefb84a301327ad115e9d346c8e2760009131d9d4b4c6b213648d02e2abe144"},
    {file = "regex-2022.10.31-cp310-cp310-musllinux_1_1_aarch64.whl", hash = "sha256:702d8fc6f25bbf412ee706bd73019da5e44a8400861dfff7ff31eb5b4a1276dc"},
    {file = "regex-2022.10.31-cp310-cp310-musllinux_1_1_i686.whl", hash = "sha256:a3c1ebd4ed8e76e886507c9eddb1a891673686c813adf889b864a17fafcf6d66"},
    {file = "regex-2022.10.31-cp310-cp310-musllinux_1_1_ppc64le.whl", hash = "sha256:50921c140561d3db2ab9f5b11c5184846cde686bb5a9dc64cae442926e86f3af"},
    {file = "regex-2022.10.31-cp310-cp310-musllinux_1_1_s390x.whl", hash = "sha256:7db345956ecce0c99b97b042b4ca7326feeec6b75facd8390af73b18e2650ffc"},
    {file = "regex-2022.10.31-cp310-cp310-musllinux_1_1_x86_64.whl", hash = "sha256:763b64853b0a8f4f9cfb41a76a4a85a9bcda7fdda5cb057016e7706fde928e66"},
    {file = "regex-2022.10.31-cp310-cp310-win32.whl", hash = "sha256:44136355e2f5e06bf6b23d337a75386371ba742ffa771440b85bed367c1318d1"},
    {file = "regex-2022.10.31-cp310-cp310-win_amd64.whl", hash = "sha256:bfff48c7bd23c6e2aec6454aaf6edc44444b229e94743b34bdcdda2e35126cf5"},
    {file = "regex-2022.10.31-cp311-cp311-macosx_10_9_x86_64.whl", hash = "sha256:4b4b1fe58cd102d75ef0552cf17242705ce0759f9695334a56644ad2d83903fe"},
    {file = "regex-2022.10.31-cp311-cp311-macosx_11_0_arm64.whl", hash = "sha256:542e3e306d1669b25936b64917285cdffcd4f5c6f0247636fec037187bd93542"},
    {file = "regex-2022.10.31-cp311-cp311-manylinux_2_17_aarch64.manylinux2014_aarch64.whl", hash = "sha256:c27cc1e4b197092e50ddbf0118c788d9977f3f8f35bfbbd3e76c1846a3443df7"},
    {file = "regex-2022.10.31-cp311-cp311-manylinux_2_17_ppc64le.manylinux2014_ppc64le.whl", hash = "sha256:b8e38472739028e5f2c3a4aded0ab7eadc447f0d84f310c7a8bb697ec417229e"},
    {file = "regex-2022.10.31-cp311-cp311-manylinux_2_17_s390x.manylinux2014_s390x.whl", hash = "sha256:76c598ca73ec73a2f568e2a72ba46c3b6c8690ad9a07092b18e48ceb936e9f0c"},
    {file = "regex-2022.10.31-cp311-cp311-manylinux_2_17_x86_64.manylinux2014_x86_64.whl", hash = "sha256:c28d3309ebd6d6b2cf82969b5179bed5fefe6142c70f354ece94324fa11bf6a1"},
    {file = "regex-2022.10.31-cp311-cp311-manylinux_2_5_i686.manylinux1_i686.manylinux_2_17_i686.manylinux2014_i686.whl", hash = "sha256:9af69f6746120998cd9c355e9c3c6aec7dff70d47247188feb4f829502be8ab4"},
    {file = "regex-2022.10.31-cp311-cp311-musllinux_1_1_aarch64.whl", hash = "sha256:a5f9505efd574d1e5b4a76ac9dd92a12acb2b309551e9aa874c13c11caefbe4f"},
    {file = "regex-2022.10.31-cp311-cp311-musllinux_1_1_i686.whl", hash = "sha256:5ff525698de226c0ca743bfa71fc6b378cda2ddcf0d22d7c37b1cc925c9650a5"},
    {file = "regex-2022.10.31-cp311-cp311-musllinux_1_1_ppc64le.whl", hash = "sha256:4fe7fda2fe7c8890d454f2cbc91d6c01baf206fbc96d89a80241a02985118c0c"},
    {file = "regex-2022.10.31-cp311-cp311-musllinux_1_1_s390x.whl", hash = "sha256:2cdc55ca07b4e70dda898d2ab7150ecf17c990076d3acd7a5f3b25cb23a69f1c"},
    {file = "regex-2022.10.31-cp311-cp311-musllinux_1_1_x86_64.whl", hash = "sha256:44a6c2f6374e0033873e9ed577a54a3602b4f609867794c1a3ebba65e4c93ee7"},
    {file = "regex-2022.10.31-cp311-cp311-win32.whl", hash = "sha256:d8716f82502997b3d0895d1c64c3b834181b1eaca28f3f6336a71777e437c2af"},
    {file = "regex-2022.10.31-cp311-cp311-win_amd64.whl", hash = "sha256:61edbca89aa3f5ef7ecac8c23d975fe7261c12665f1d90a6b1af527bba86ce61"},
    {file = "regex-2022.10.31-cp36-cp36m-macosx_10_9_x86_64.whl", hash = "sha256:0a069c8483466806ab94ea9068c34b200b8bfc66b6762f45a831c4baaa9e8cdd"},
    {file = "regex-2022.10.31-cp36-cp36m-manylinux_2_17_aarch64.manylinux2014_aarch64.whl", hash = "sha256:d26166acf62f731f50bdd885b04b38828436d74e8e362bfcb8df221d868b5d9b"},
    {file = "regex-2022.10.31-cp36-cp36m-manylinux_2_17_ppc64le.manylinux2014_ppc64le.whl", hash = "sha256:ac741bf78b9bb432e2d314439275235f41656e189856b11fb4e774d9f7246d81"},
    {file = "regex-2022.10.31-cp36-cp36m-manylinux_2_17_s390x.manylinux2014_s390x.whl", hash = "sha256:75f591b2055523fc02a4bbe598aa867df9e953255f0b7f7715d2a36a9c30065c"},
    {file = "regex-2022.10.31-cp36-cp36m-manylinux_2_17_x86_64.manylinux2014_x86_64.whl", hash = "sha256:6b30bddd61d2a3261f025ad0f9ee2586988c6a00c780a2fb0a92cea2aa702c54"},
    {file = "regex-2022.10.31-cp36-cp36m-manylinux_2_5_i686.manylinux1_i686.manylinux_2_17_i686.manylinux2014_i686.whl", hash = "sha256:ef4163770525257876f10e8ece1cf25b71468316f61451ded1a6f44273eedeb5"},
    {file = "regex-2022.10.31-cp36-cp36m-manylinux_2_5_x86_64.manylinux1_x86_64.manylinux_2_12_x86_64.manylinux2010_x86_64.whl", hash = "sha256:7b280948d00bd3973c1998f92e22aa3ecb76682e3a4255f33e1020bd32adf443"},
    {file = "regex-2022.10.31-cp36-cp36m-musllinux_1_1_aarch64.whl", hash = "sha256:d0213671691e341f6849bf33cd9fad21f7b1cb88b89e024f33370733fec58742"},
    {file = "regex-2022.10.31-cp36-cp36m-musllinux_1_1_i686.whl", hash = "sha256:22e7ebc231d28393dfdc19b185d97e14a0f178bedd78e85aad660e93b646604e"},
    {file = "regex-2022.10.31-cp36-cp36m-musllinux_1_1_ppc64le.whl", hash = "sha256:8ad241da7fac963d7573cc67a064c57c58766b62a9a20c452ca1f21050868dfa"},
    {file = "regex-2022.10.31-cp36-cp36m-musllinux_1_1_s390x.whl", hash = "sha256:586b36ebda81e6c1a9c5a5d0bfdc236399ba6595e1397842fd4a45648c30f35e"},
    {file = "regex-2022.10.31-cp36-cp36m-musllinux_1_1_x86_64.whl", hash = "sha256:0653d012b3bf45f194e5e6a41df9258811ac8fc395579fa82958a8b76286bea4"},
    {file = "regex-2022.10.31-cp36-cp36m-win32.whl", hash = "sha256:144486e029793a733e43b2e37df16a16df4ceb62102636ff3db6033994711066"},
    {file = "regex-2022.10.31-cp36-cp36m-win_amd64.whl", hash = "sha256:c14b63c9d7bab795d17392c7c1f9aaabbffd4cf4387725a0ac69109fb3b550c6"},
    {file = "regex-2022.10.31-cp37-cp37m-macosx_10_9_x86_64.whl", hash = "sha256:4cac3405d8dda8bc6ed499557625585544dd5cbf32072dcc72b5a176cb1271c8"},
    {file = "regex-2022.10.31-cp37-cp37m-manylinux_2_17_aarch64.manylinux2014_aarch64.whl", hash = "sha256:23cbb932cc53a86ebde0fb72e7e645f9a5eec1a5af7aa9ce333e46286caef783"},
    {file = "regex-2022.10.31-cp37-cp37m-manylinux_2_17_ppc64le.manylinux2014_ppc64le.whl", hash = "sha256:74bcab50a13960f2a610cdcd066e25f1fd59e23b69637c92ad470784a51b1347"},
    {file = "regex-2022.10.31-cp37-cp37m-manylinux_2_17_s390x.manylinux2014_s390x.whl", hash = "sha256:78d680ef3e4d405f36f0d6d1ea54e740366f061645930072d39bca16a10d8c93"},
    {file = "regex-2022.10.31-cp37-cp37m-manylinux_2_17_x86_64.manylinux2014_x86_64.whl", hash = "sha256:ce6910b56b700bea7be82c54ddf2e0ed792a577dfaa4a76b9af07d550af435c6"},
    {file = "regex-2022.10.31-cp37-cp37m-manylinux_2_5_i686.manylinux1_i686.manylinux_2_17_i686.manylinux2014_i686.whl", hash = "sha256:659175b2144d199560d99a8d13b2228b85e6019b6e09e556209dfb8c37b78a11"},
    {file = "regex-2022.10.31-cp37-cp37m-manylinux_2_5_x86_64.manylinux1_x86_64.manylinux_2_12_x86_64.manylinux2010_x86_64.whl", hash = "sha256:1ddf14031a3882f684b8642cb74eea3af93a2be68893901b2b387c5fd92a03ec"},
    {file = "regex-2022.10.31-cp37-cp37m-musllinux_1_1_aarch64.whl", hash = "sha256:b683e5fd7f74fb66e89a1ed16076dbab3f8e9f34c18b1979ded614fe10cdc4d9"},
    {file = "regex-2022.10.31-cp37-cp37m-musllinux_1_1_i686.whl", hash = "sha256:2bde29cc44fa81c0a0c8686992c3080b37c488df167a371500b2a43ce9f026d1"},
    {file = "regex-2022.10.31-cp37-cp37m-musllinux_1_1_ppc64le.whl", hash = "sha256:4919899577ba37f505aaebdf6e7dc812d55e8f097331312db7f1aab18767cce8"},
    {file = "regex-2022.10.31-cp37-cp37m-musllinux_1_1_s390x.whl", hash = "sha256:9c94f7cc91ab16b36ba5ce476f1904c91d6c92441f01cd61a8e2729442d6fcf5"},
    {file = "regex-2022.10.31-cp37-cp37m-musllinux_1_1_x86_64.whl", hash = "sha256:ae1e96785696b543394a4e3f15f3f225d44f3c55dafe3f206493031419fedf95"},
    {file = "regex-2022.10.31-cp37-cp37m-win32.whl", hash = "sha256:c670f4773f2f6f1957ff8a3962c7dd12e4be54d05839b216cb7fd70b5a1df394"},
    {file = "regex-2022.10.31-cp37-cp37m-win_amd64.whl", hash = "sha256:8e0caeff18b96ea90fc0eb6e3bdb2b10ab5b01a95128dfeccb64a7238decf5f0"},
    {file = "regex-2022.10.31-cp38-cp38-macosx_10_9_x86_64.whl", hash = "sha256:131d4be09bea7ce2577f9623e415cab287a3c8e0624f778c1d955ec7c281bd4d"},
    {file = "regex-2022.10.31-cp38-cp38-macosx_11_0_arm64.whl", hash = "sha256:e613a98ead2005c4ce037c7b061f2409a1a4e45099edb0ef3200ee26ed2a69a8"},
    {file = "regex-2022.10.31-cp38-cp38-manylinux_2_17_aarch64.manylinux2014_aarch64.whl", hash = "sha256:052b670fafbe30966bbe5d025e90b2a491f85dfe5b2583a163b5e60a85a321ad"},
    {file = "regex-2022.10.31-cp38-cp38-manylinux_2_17_ppc64le.manylinux2014_ppc64le.whl", hash = "sha256:aa62a07ac93b7cb6b7d0389d8ef57ffc321d78f60c037b19dfa78d6b17c928ee"},
    {file = "regex-2022.10.31-cp38-cp38-manylinux_2_17_s390x.manylinux2014_s390x.whl", hash = "sha256:5352bea8a8f84b89d45ccc503f390a6be77917932b1c98c4cdc3565137acc714"},
    {file = "regex-2022.10.31-cp38-cp38-manylinux_2_17_x86_64.manylinux2014_x86_64.whl", hash = "sha256:20f61c9944f0be2dc2b75689ba409938c14876c19d02f7585af4460b6a21403e"},
    {file = "regex-2022.10.31-cp38-cp38-manylinux_2_5_i686.manylinux1_i686.manylinux_2_17_i686.manylinux2014_i686.whl", hash = "sha256:29c04741b9ae13d1e94cf93fca257730b97ce6ea64cfe1eba11cf9ac4e85afb6"},
    {file = "regex-2022.10.31-cp38-cp38-manylinux_2_5_x86_64.manylinux1_x86_64.manylinux_2_12_x86_64.manylinux2010_x86_64.whl", hash = "sha256:543883e3496c8b6d58bd036c99486c3c8387c2fc01f7a342b760c1ea3158a318"},
    {file = "regex-2022.10.31-cp38-cp38-musllinux_1_1_aarch64.whl", hash = "sha256:b7a8b43ee64ca8f4befa2bea4083f7c52c92864d8518244bfa6e88c751fa8fff"},
    {file = "regex-2022.10.31-cp38-cp38-musllinux_1_1_i686.whl", hash = "sha256:6a9a19bea8495bb419dc5d38c4519567781cd8d571c72efc6aa959473d10221a"},
    {file = "regex-2022.10.31-cp38-cp38-musllinux_1_1_ppc64le.whl", hash = "sha256:6ffd55b5aedc6f25fd8d9f905c9376ca44fcf768673ffb9d160dd6f409bfda73"},
    {file = "regex-2022.10.31-cp38-cp38-musllinux_1_1_s390x.whl", hash = "sha256:4bdd56ee719a8f751cf5a593476a441c4e56c9b64dc1f0f30902858c4ef8771d"},
    {file = "regex-2022.10.31-cp38-cp38-musllinux_1_1_x86_64.whl", hash = "sha256:8ca88da1bd78990b536c4a7765f719803eb4f8f9971cc22d6ca965c10a7f2c4c"},
    {file = "regex-2022.10.31-cp38-cp38-win32.whl", hash = "sha256:5a260758454580f11dd8743fa98319bb046037dfab4f7828008909d0aa5292bc"},
    {file = "regex-2022.10.31-cp38-cp38-win_amd64.whl", hash = "sha256:5e6a5567078b3eaed93558842346c9d678e116ab0135e22eb72db8325e90b453"},
    {file = "regex-2022.10.31-cp39-cp39-macosx_10_9_x86_64.whl", hash = "sha256:5217c25229b6a85049416a5c1e6451e9060a1edcf988641e309dbe3ab26d3e49"},
    {file = "regex-2022.10.31-cp39-cp39-macosx_11_0_arm64.whl", hash = "sha256:4bf41b8b0a80708f7e0384519795e80dcb44d7199a35d52c15cc674d10b3081b"},
    {file = "regex-2022.10.31-cp39-cp39-manylinux_2_17_aarch64.manylinux2014_aarch64.whl", hash = "sha256:0cf0da36a212978be2c2e2e2d04bdff46f850108fccc1851332bcae51c8907cc"},
    {file = "regex-2022.10.31-cp39-cp39-manylinux_2_17_ppc64le.manylinux2014_ppc64le.whl", hash = "sha256:d403d781b0e06d2922435ce3b8d2376579f0c217ae491e273bab8d092727d244"},
    {file = "regex-2022.10.31-cp39-cp39-manylinux_2_17_s390x.manylinux2014_s390x.whl", hash = "sha256:a37d51fa9a00d265cf73f3de3930fa9c41548177ba4f0faf76e61d512c774690"},
    {file = "regex-2022.10.31-cp39-cp39-manylinux_2_17_x86_64.manylinux2014_x86_64.whl", hash = "sha256:e4f781ffedd17b0b834c8731b75cce2639d5a8afe961c1e58ee7f1f20b3af185"},
    {file = "regex-2022.10.31-cp39-cp39-manylinux_2_5_i686.manylinux1_i686.manylinux_2_17_i686.manylinux2014_i686.whl", hash = "sha256:d243b36fbf3d73c25e48014961e83c19c9cc92530516ce3c43050ea6276a2ab7"},
    {file = "regex-2022.10.31-cp39-cp39-manylinux_2_5_x86_64.manylinux1_x86_64.manylinux_2_12_x86_64.manylinux2010_x86_64.whl", hash = "sha256:370f6e97d02bf2dd20d7468ce4f38e173a124e769762d00beadec3bc2f4b3bc4"},
    {file = "regex-2022.10.31-cp39-cp39-musllinux_1_1_aarch64.whl", hash = "sha256:597f899f4ed42a38df7b0e46714880fb4e19a25c2f66e5c908805466721760f5"},
    {file = "regex-2022.10.31-cp39-cp39-musllinux_1_1_i686.whl", hash = "sha256:7dbdce0c534bbf52274b94768b3498abdf675a691fec5f751b6057b3030f34c1"},
    {file = "regex-2022.10.31-cp39-cp39-musllinux_1_1_ppc64le.whl", hash = "sha256:22960019a842777a9fa5134c2364efaed5fbf9610ddc5c904bd3a400973b0eb8"},
    {file = "regex-2022.10.31-cp39-cp39-musllinux_1_1_s390x.whl", hash = "sha256:7f5a3ffc731494f1a57bd91c47dc483a1e10048131ffb52d901bfe2beb6102e8"},
    {file = "regex-2022.10.31-cp39-cp39-musllinux_1_1_x86_64.whl", hash = "sha256:7ef6b5942e6bfc5706301a18a62300c60db9af7f6368042227ccb7eeb22d0892"},
    {file = "regex-2022.10.31-cp39-cp39-win32.whl", hash = "sha256:395161bbdbd04a8333b9ff9763a05e9ceb4fe210e3c7690f5e68cedd3d65d8e1"},
    {file = "regex-2022.10.31-cp39-cp39-win_amd64.whl", hash = "sha256:957403a978e10fb3ca42572a23e6f7badff39aa1ce2f4ade68ee452dc6807692"},
    {file = "regex-2022.10.31.tar.gz", hash = "sha256:a3a98921da9a1bf8457aeee6a551948a83601689e5ecdd736894ea9bbec77e83"},
]

[[package]]
name = "rich"
version = "13.5.3"
description = "Render rich text, tables, progress bars, syntax highlighting, markdown and more to the terminal"
optional = false
python-versions = ">=3.7.0"
files = [
    {file = "rich-13.5.3-py3-none-any.whl", hash = "sha256:9257b468badc3d347e146a4faa268ff229039d4c2d176ab0cffb4c4fbc73d5d9"},
    {file = "rich-13.5.3.tar.gz", hash = "sha256:87b43e0543149efa1253f485cd845bb7ee54df16c9617b8a893650ab84b4acb6"},
]

[package.dependencies]
markdown-it-py = ">=2.2.0"
pygments = ">=2.13.0,<3.0.0"

[package.extras]
jupyter = ["ipywidgets (>=7.5.1,<9)"]

[[package]]
name = "rtoml"
version = "0.9.0"
description = ""
optional = false
python-versions = ">=3.7"
files = [
    {file = "rtoml-0.9.0-cp310-cp310-macosx_10_7_x86_64.whl", hash = "sha256:b440445df3a5bdd30f70196305c964699fb8c6a23dfe08b9b0a822a8c3a1da00"},
    {file = "rtoml-0.9.0-cp310-cp310-macosx_11_0_arm64.whl", hash = "sha256:4e00c085841c215868b5c3d607ae7076bad4faf6cc00bf9da334c0683b2001a9"},
    {file = "rtoml-0.9.0-cp310-cp310-manylinux_2_17_aarch64.manylinux2014_aarch64.whl", hash = "sha256:d66f145fca240150d54334b1779edbc713a2b2b0547c703a9b441b94f05cec14"},
    {file = "rtoml-0.9.0-cp310-cp310-manylinux_2_17_x86_64.manylinux2014_x86_64.whl", hash = "sha256:38ed7487251aed9f118949d49e0edff2ace2f979ef7d23adf174bcb30983627a"},
    {file = "rtoml-0.9.0-cp310-cp310-manylinux_2_24_armv7l.whl", hash = "sha256:a500481c61b0babb438b1d4c0a295ba60a0c890688431db980e3209d7c093045"},
    {file = "rtoml-0.9.0-cp310-cp310-manylinux_2_5_i686.manylinux1_i686.whl", hash = "sha256:9826a25e7c274fbcfa1518f1e1c99104f10ba553b34be38dcd31b6c9d5207e47"},
    {file = "rtoml-0.9.0-cp310-cp310-musllinux_1_1_aarch64.whl", hash = "sha256:2dff4812186dff9381459d6a962e8dfd909ea8cb03f98ba28aa486b9bf8d72f8"},
    {file = "rtoml-0.9.0-cp310-cp310-musllinux_1_1_x86_64.whl", hash = "sha256:7a6088f6e77817389720ed8852ec2493b4524c96bd25f3aafe217e2a6cb29f7d"},
    {file = "rtoml-0.9.0-cp310-none-win32.whl", hash = "sha256:38362ab6123a28e2f1f88995f286b999fc6f7c27896f402ee293de2a090b305c"},
    {file = "rtoml-0.9.0-cp310-none-win_amd64.whl", hash = "sha256:f920b97df9b33c18d3857dbd4af234e2a7f3372de3cfb4c0d8514e66ffd4dfdb"},
    {file = "rtoml-0.9.0-cp311-cp311-macosx_10_7_x86_64.whl", hash = "sha256:91a25c5ab2a518b5126a52300d1a6ced0e363510e9b6e64cb36b19275083b441"},
    {file = "rtoml-0.9.0-cp311-cp311-macosx_11_0_arm64.whl", hash = "sha256:85d8abf6eb1da262a26f15d97de6ec83960172095e627dadf1ee7a32b70a367b"},
    {file = "rtoml-0.9.0-cp311-cp311-manylinux_2_17_aarch64.manylinux2014_aarch64.whl", hash = "sha256:363d41f1f69d415ced4c6be8c5feb6680c2330406ca2f0ba8ea04318857b8ca3"},
    {file = "rtoml-0.9.0-cp311-cp311-manylinux_2_17_x86_64.manylinux2014_x86_64.whl", hash = "sha256:e31bec5a3d7b56966130ba2a68be7bef608822063ff8b9a6362c5001a2a4c82b"},
    {file = "rtoml-0.9.0-cp311-cp311-manylinux_2_24_armv7l.whl", hash = "sha256:9eb42c8af0300c0e3c11057a7ace894247f3f9d265b10bedde72e1008bf09634"},
    {file = "rtoml-0.9.0-cp311-cp311-manylinux_2_5_i686.manylinux1_i686.whl", hash = "sha256:604782f36701d8b7df9b7f928e054e2a62dde828860e828377b2c8db550afb28"},
    {file = "rtoml-0.9.0-cp311-cp311-musllinux_1_1_aarch64.whl", hash = "sha256:13dc836d84fe987ddc00b6ec8683002eb53ffa59dc13d5a9ef51a1409539bea7"},
    {file = "rtoml-0.9.0-cp311-cp311-musllinux_1_1_x86_64.whl", hash = "sha256:2f4e7841ab7cbdfaa15cbc5f0b049b154a68644fa39fc27a1f72a0dc23012e40"},
    {file = "rtoml-0.9.0-cp311-none-win32.whl", hash = "sha256:9ca09643e9ffdebcbb27a095ffca86e32c3fb0a63c8788c5d40890065962eb65"},
    {file = "rtoml-0.9.0-cp311-none-win_amd64.whl", hash = "sha256:5c91c99f5646e81c677133b3740a8e6b25cbe6fbf33fefd749c85e031f7716b9"},
    {file = "rtoml-0.9.0-cp37-cp37m-macosx_10_7_x86_64.whl", hash = "sha256:9c3f0b1b6c70e7d9ef29b3b2412412f2be10b333da3aeac74c6f69961b955272"},
    {file = "rtoml-0.9.0-cp37-cp37m-macosx_11_0_arm64.whl", hash = "sha256:37c7d3903d818b2770f2ad424b1aee3c47533f1cdccb037b2a51e47a89d2de30"},
    {file = "rtoml-0.9.0-cp37-cp37m-manylinux_2_17_aarch64.manylinux2014_aarch64.whl", hash = "sha256:4a79400cde1a6d75e6f36498a3b6d86b6713bf757989ab304c1c3e6a610d0665"},
    {file = "rtoml-0.9.0-cp37-cp37m-manylinux_2_17_x86_64.manylinux2014_x86_64.whl", hash = "sha256:bb48915dc12f18dd680772f5c1f248197945ce639ca4a0897ee01878ada65411"},
    {file = "rtoml-0.9.0-cp37-cp37m-manylinux_2_24_armv7l.whl", hash = "sha256:cccac32cf08749fcf9e905e41c8cb58348fa4110459b09f49245a40553514871"},
    {file = "rtoml-0.9.0-cp37-cp37m-manylinux_2_5_i686.manylinux1_i686.whl", hash = "sha256:ba96ee3afbc2cdfe90833f9f7d789aef7d9be1911ec0cd748c786c0b8cda0b98"},
    {file = "rtoml-0.9.0-cp37-cp37m-musllinux_1_1_aarch64.whl", hash = "sha256:a78d504d0d6598655f5d01eabe2df6d458ff2f9463a3c6f85a3e96a57cb61631"},
    {file = "rtoml-0.9.0-cp37-cp37m-musllinux_1_1_x86_64.whl", hash = "sha256:e68c3a7a7388ae2dd586e3a20474908bc889fbe77809f06d46eec37c0c4b96ff"},
    {file = "rtoml-0.9.0-cp37-none-win32.whl", hash = "sha256:9fc3652e963150ace043c6797b5053c8a03341c1bd813c6d9ad7403bfa5d1138"},
    {file = "rtoml-0.9.0-cp37-none-win_amd64.whl", hash = "sha256:13ff304eb8e9be8702f8f9c7c561e5ebffcbb4e830d4ae3f2f9471d1c8a656fa"},
    {file = "rtoml-0.9.0-cp38-cp38-macosx_10_7_x86_64.whl", hash = "sha256:b99ec14d5bd8fc62a94acf1ce328d11cda1934f736d40baefdbb212333f25250"},
    {file = "rtoml-0.9.0-cp38-cp38-macosx_11_0_arm64.whl", hash = "sha256:dc02f77bc81d1ade12bd983d46a1aa1ed4bc10418de0ac81267928b49f73cc9b"},
    {file = "rtoml-0.9.0-cp38-cp38-manylinux_2_17_aarch64.manylinux2014_aarch64.whl", hash = "sha256:ba38c4efcf639ec5df271c6debd6953a53be62087fff48bd7cd239553e01d66a"},
    {file = "rtoml-0.9.0-cp38-cp38-manylinux_2_17_x86_64.manylinux2014_x86_64.whl", hash = "sha256:e1f2c8aa5c07c1b8886e27d34332e5be7e3b658d6a8d5f55227ff1e4014ac87f"},
    {file = "rtoml-0.9.0-cp38-cp38-manylinux_2_24_armv7l.whl", hash = "sha256:3b02257049dac81b0a7e333e7c35477939c016b39b444f849473650dd7c52410"},
    {file = "rtoml-0.9.0-cp38-cp38-manylinux_2_5_i686.manylinux1_i686.whl", hash = "sha256:d6a95c1dcdb0dbb340fc67b35ef86a07f01ef4842d6bbcb883dcfefef87ac106"},
    {file = "rtoml-0.9.0-cp38-cp38-musllinux_1_1_aarch64.whl", hash = "sha256:449701954ded52d885ac2f9f79b503c5aa1e2c6e7f0f6100ad4f46262c82dd66"},
    {file = "rtoml-0.9.0-cp38-cp38-musllinux_1_1_x86_64.whl", hash = "sha256:9591699c1231dd9e615ec1b27933f1a4d8b8f57841e62d1f2aa109150da941ea"},
    {file = "rtoml-0.9.0-cp38-none-win32.whl", hash = "sha256:352fb220615c0904d77bf719c7f7e066dcf5a10ba118dc6cea8809424f858dad"},
    {file = "rtoml-0.9.0-cp38-none-win_amd64.whl", hash = "sha256:f780f90e3305b5e961dcc8f00c0d3bfa023d7626d64e8fa15c91f9ed6be6d10a"},
    {file = "rtoml-0.9.0-cp39-cp39-macosx_10_7_x86_64.whl", hash = "sha256:39e377e075af4f33a1c60cafdedcb02d7a4d7bf241e6c0bf76998c10ffc8222a"},
    {file = "rtoml-0.9.0-cp39-cp39-macosx_11_0_arm64.whl", hash = "sha256:afead84d80f835a5d6194faf1cdae9ebee092dac68f25a69a8fecc0dc26d1720"},
    {file = "rtoml-0.9.0-cp39-cp39-manylinux_2_17_aarch64.manylinux2014_aarch64.whl", hash = "sha256:2c3973f1d22450d5eb3abad65f9c30167c8f6ce475615a9a6364903476b68b56"},
    {file = "rtoml-0.9.0-cp39-cp39-manylinux_2_17_x86_64.manylinux2014_x86_64.whl", hash = "sha256:7ea08ba5fc9a03a50e1e783266ff5b84fc81b3af5bf77cb5f190b5a516b53810"},
    {file = "rtoml-0.9.0-cp39-cp39-manylinux_2_24_armv7l.whl", hash = "sha256:ada33f7fc46b24f20e0219b659f3de15c09ea7209657e43770e2f5f0e95ab6ec"},
    {file = "rtoml-0.9.0-cp39-cp39-manylinux_2_5_i686.manylinux1_i686.whl", hash = "sha256:f4cba47bf407642214a4aea349e91699ea67c6c07ebfa4412a2383837d295ccc"},
    {file = "rtoml-0.9.0-cp39-cp39-musllinux_1_1_aarch64.whl", hash = "sha256:9f1ab9638aba4027e7cf007dd7f5d497b1bd6b643a7c24bbc09bba76843fa779"},
    {file = "rtoml-0.9.0-cp39-cp39-musllinux_1_1_x86_64.whl", hash = "sha256:b43f61df97a74a4ebc216d9fdcefb1c631bfa98265655fcc0950fbe206054e8b"},
    {file = "rtoml-0.9.0-cp39-none-win32.whl", hash = "sha256:0eea8963824eb4be5d41c11a2e5dd51c6149f5274f015012f53dd82bf146a16b"},
    {file = "rtoml-0.9.0-cp39-none-win_amd64.whl", hash = "sha256:c539af5d88056a4d53a1f9067fee97bf6015edbb8e82fbde6ba96e19a1b41645"},
    {file = "rtoml-0.9.0.tar.gz", hash = "sha256:113f2e133d152d9424269c475b4a7d0679987078b543e88fcb16c870dc2c460d"},
]

[[package]]
name = "six"
version = "1.16.0"
description = "Python 2 and 3 compatibility utilities"
optional = false
python-versions = ">=2.7, !=3.0.*, !=3.1.*, !=3.2.*"
files = [
    {file = "six-1.16.0-py2.py3-none-any.whl", hash = "sha256:8abb2f1d86890a2dfb989f9a77cfcfd3e47c2a354b01111771326f8aa26e0254"},
    {file = "six-1.16.0.tar.gz", hash = "sha256:1e61c37477a1626458e36f7b1d82aa5c9b094fa4802892072e49de9c60c4c926"},
]

[[package]]
name = "toml"
version = "0.10.2"
description = "Python Library for Tom's Obvious, Minimal Language"
optional = false
python-versions = ">=2.6, !=3.0.*, !=3.1.*, !=3.2.*"
files = [
    {file = "toml-0.10.2-py2.py3-none-any.whl", hash = "sha256:806143ae5bfb6a3c6e736a764057db0e6a0e05e338b5630894a5f779cabb4f9b"},
    {file = "toml-0.10.2.tar.gz", hash = "sha256:b3bda1d108d5dd99f4a20d24d9c348e91c4db7ab1b749200bded2f839ccbe68f"},
]

[[package]]
name = "tomli"
version = "2.0.1"
description = "A lil' TOML parser"
optional = false
python-versions = ">=3.7"
files = [
    {file = "tomli-2.0.1-py3-none-any.whl", hash = "sha256:939de3e7a6161af0c887ef91b7d41a53e7c5a1ca976325f429cb46ea9bc30ecc"},
    {file = "tomli-2.0.1.tar.gz", hash = "sha256:de526c12914f0c550d15924c62d72abc48d6fe7364aa87328337a31007fe8a4f"},
]

[[package]]
name = "tomli-w"
version = "1.0.0"
description = "A lil' TOML writer"
optional = false
python-versions = ">=3.7"
files = [
    {file = "tomli_w-1.0.0-py3-none-any.whl", hash = "sha256:9f2a07e8be30a0729e533ec968016807069991ae2fd921a78d42f429ae5f4463"},
    {file = "tomli_w-1.0.0.tar.gz", hash = "sha256:f463434305e0336248cac9c2dc8076b707d8a12d019dd349f5c1e382dd1ae1b9"},
]

[[package]]
name = "tomlkit"
version = "0.11.8"
description = "Style preserving TOML library"
optional = false
python-versions = ">=3.7"
files = [
    {file = "tomlkit-0.11.8-py3-none-any.whl", hash = "sha256:8c726c4c202bdb148667835f68d68780b9a003a9ec34167b6c673b38eff2a171"},
    {file = "tomlkit-0.11.8.tar.gz", hash = "sha256:9330fc7faa1db67b541b28e62018c17d20be733177d290a13b24c62d1614e0c3"},
]

[[package]]
name = "zipp"
version = "3.17.0"
description = "Backport of pathlib-compatible object wrapper for zip files"
optional = false
python-versions = ">=3.8"
files = [
    {file = "zipp-3.17.0-py3-none-any.whl", hash = "sha256:0e923e726174922dce09c53c59ad483ff7bbb8e572e00c7f7c46b88556409f31"},
    {file = "zipp-3.17.0.tar.gz", hash = "sha256:84e64a1c28cf7e91ed2078bb8cc8c259cb19b76942096c8d7b84947690cabaf0"},
]

[package.extras]
docs = ["furo", "jaraco.packaging (>=9.3)", "jaraco.tidelift (>=1.4)", "rst.linker (>=1.9)", "sphinx (<7.2.5)", "sphinx (>=3.5)", "sphinx-lint"]
testing = ["big-O", "jaraco.functools", "jaraco.itertools", "more-itertools", "pytest (>=6)", "pytest-black (>=0.3.7)", "pytest-checkdocs (>=2.4)", "pytest-cov", "pytest-enabler (>=2.2)", "pytest-ignore-flaky", "pytest-mypy (>=0.9.1)", "pytest-ruff"]

[metadata]
lock-version = "2.0"
python-versions = "^3.9"
content-hash = "9b40789515ad140c8b3daa2363cbf12525a7fe7b1b2cb7341a63086325adc4f5"
